// !$*UTF8*$!
{
	archiveVersion = 1;
	classes = {
	};
	objectVersion = 46;
	objects = {

/* Begin PBXBuildFile section */
		3A0A997D1C4A5AFC00086DAB /* RoundCornerUITextView.m in Sources */ = {isa = PBXBuildFile; fileRef = 3A0A997C1C4A5AFC00086DAB /* RoundCornerUITextView.m */; };
		3A0A99801C4A6A4E00086DAB /* RoundCornerUIView.m in Sources */ = {isa = PBXBuildFile; fileRef = 3A0A997F1C4A6A4E00086DAB /* RoundCornerUIView.m */; };
		3A0A99831C4A71B600086DAB /* CCFSeniorNewPostViewController.m in Sources */ = {isa = PBXBuildFile; fileRef = 3A0A99821C4A71B600086DAB /* CCFSeniorNewPostViewController.m */; };
		3A187B361C40B4EE003DA5C2 /* AlertProgressViewController.m in Sources */ = {isa = PBXBuildFile; fileRef = 3A187B351C40B4EE003DA5C2 /* AlertProgressViewController.m */; };
		3A1CF86F1C54F88C002E52EE /* LeftDrawerItem.m in Sources */ = {isa = PBXBuildFile; fileRef = 3A1CF86E1C54F88C002E52EE /* LeftDrawerItem.m */; };
		3A1CF8761C54F8AB002E52EE /* CommonUtils.m in Sources */ = {isa = PBXBuildFile; fileRef = 3A1CF8711C54F8AB002E52EE /* CommonUtils.m */; };
		3A1CF8771C54F8AB002E52EE /* UIImage+Tint.m in Sources */ = {isa = PBXBuildFile; fileRef = 3A1CF8731C54F8AB002E52EE /* UIImage+Tint.m */; };
		3A1CF8781C54F8AB002E52EE /* UIColor+MyColor.m in Sources */ = {isa = PBXBuildFile; fileRef = 3A1CF8751C54F8AB002E52EE /* UIColor+MyColor.m */; };
		3A23462D1C8C5C73009A2537 /* CCFShowTodayNewThreadPostTableViewController.m in Sources */ = {isa = PBXBuildFile; fileRef = 3A23462C1C8C5C73009A2537 /* CCFShowTodayNewThreadPostTableViewController.m */; };
		3A2346301C8C62C2009A2537 /* CCFShowNewThreadPostTableViewController.m in Sources */ = {isa = PBXBuildFile; fileRef = 3A23462F1C8C62C2009A2537 /* CCFShowNewThreadPostTableViewController.m */; };
		3A2346331C8C6A6C009A2537 /* CCFMyThreadTableViewController.m in Sources */ = {isa = PBXBuildFile; fileRef = 3A2346321C8C6A6C009A2537 /* CCFMyThreadTableViewController.m */; };
		3A2346361C8C6AE2009A2537 /* CCFMyThreadPostTableViewController.m in Sources */ = {isa = PBXBuildFile; fileRef = 3A2346351C8C6AE2009A2537 /* CCFMyThreadPostTableViewController.m */; };
		3A27EA331C9424EB004D30EB /* CCFFavThreadPostTableViewController.m in Sources */ = {isa = PBXBuildFile; fileRef = 3A27EA321C9424EB004D30EB /* CCFFavThreadPostTableViewController.m */; };
		3A2ECF541C36C0EB00CD3968 /* CCFNormalThread.m in Sources */ = {isa = PBXBuildFile; fileRef = 3A2ECF531C36C0EB00CD3968 /* CCFNormalThread.m */; };
		3A2FCC771C953FCD00B469E4 /* UICircleImageView.m in Sources */ = {isa = PBXBuildFile; fileRef = 3A2FCC761C953FCD00B469E4 /* UICircleImageView.m */; };
		3A2FCC7A1C9558F100B469E4 /* CCFApiBaseTableViewController.m in Sources */ = {isa = PBXBuildFile; fileRef = 3A2FCC791C9558F100B469E4 /* CCFApiBaseTableViewController.m */; };
		3A2FCC7E1C956DB100B469E4 /* PrivateMessageTableViewCell.m in Sources */ = {isa = PBXBuildFile; fileRef = 3A2FCC7D1C956DB100B469E4 /* PrivateMessageTableViewCell.m */; };
		3A6736C31C400EAA008D51EC /* CCFToolbar.m in Sources */ = {isa = PBXBuildFile; fileRef = 3A6736C21C400EAA008D51EC /* CCFToolbar.m */; };
		3A690A431C3755C00076C8F1 /* CCFThreadListCell.m in Sources */ = {isa = PBXBuildFile; fileRef = 3A690A421C3755C00076C8F1 /* CCFThreadListCell.m */; };
		3A690A461C375B5B0076C8F1 /* CCFThreadDetailCell.m in Sources */ = {isa = PBXBuildFile; fileRef = 3A690A451C375B5B0076C8F1 /* CCFThreadDetailCell.m */; };
		3A690A481C3792D00076C8F1 /* CCFThreadDetailCell.xib in Resources */ = {isa = PBXBuildFile; fileRef = 3A690A471C3792D00076C8F1 /* CCFThreadDetailCell.xib */; };
		3A7569AD1C42B179000486F4 /* CCFFavFormController.m in Sources */ = {isa = PBXBuildFile; fileRef = 3A7569AC1C42B179000486F4 /* CCFFavFormController.m */; };
		3A842CA11C469AC1002944A9 /* CCFNewThreadViewController.m in Sources */ = {isa = PBXBuildFile; fileRef = 3A842CA01C469AC1002944A9 /* CCFNewThreadViewController.m */; };
		3A93298D1C39648900A26249 /* CoreText.framework in Frameworks */ = {isa = PBXBuildFile; fileRef = 3A93298C1C39648900A26249 /* CoreText.framework */; };
		3A9FEDD61C341E2E00F30885 /* CCFUrlBuilder.m in Sources */ = {isa = PBXBuildFile; fileRef = 3A9FEDD51C341E2E00F30885 /* CCFUrlBuilder.m */; };
		3A9FEDDA1C342CB800F30885 /* CCFParser.m in Sources */ = {isa = PBXBuildFile; fileRef = 3A9FEDD91C342CB800F30885 /* CCFParser.m */; };
		3A9FEDDE1C3430A500F30885 /* CCFBrowser.m in Sources */ = {isa = PBXBuildFile; fileRef = 3A9FEDDD1C3430A500F30885 /* CCFBrowser.m */; };
		3A9FEDE21C3438AC00F30885 /* NSString+Kit.m in Sources */ = {isa = PBXBuildFile; fileRef = 3A9FEDE11C3438AC00F30885 /* NSString+Kit.m */; };
		3AA2D5041C36103C00F312CC /* CCFFormHeaderView.m in Sources */ = {isa = PBXBuildFile; fileRef = 3AA2D4F71C36103C00F312CC /* CCFFormHeaderView.m */; };
		3AA2D5051C36103C00F312CC /* CCFFormHeaderView.xib in Resources */ = {isa = PBXBuildFile; fileRef = 3AA2D4F81C36103C00F312CC /* CCFFormHeaderView.xib */; };
		3AA2D5061C36103C00F312CC /* CCFFormSectionInfo.m in Sources */ = {isa = PBXBuildFile; fileRef = 3AA2D4FA1C36103C00F312CC /* CCFFormSectionInfo.m */; };
		3AA2D5091C36103C00F312CC /* APLHighlightingTextView.m in Sources */ = {isa = PBXBuildFile; fileRef = 3AA2D5001C36103C00F312CC /* APLHighlightingTextView.m */; };
		3AA2D50A1C36103C00F312CC /* CCFThreadViewCell.m in Sources */ = {isa = PBXBuildFile; fileRef = 3AA2D5021C36103C00F312CC /* CCFThreadViewCell.m */; };
		3AA2D50B1C36103C00F312CC /* CCFThreadViewCell.xib in Resources */ = {isa = PBXBuildFile; fileRef = 3AA2D5031C36103C00F312CC /* CCFThreadViewCell.xib */; };
		3AA2D50F1C36105100F312CC /* CCFFormTableViewController.m in Sources */ = {isa = PBXBuildFile; fileRef = 3AA2D50D1C36105100F312CC /* CCFFormTableViewController.m */; };
		3AA2D5171C3610C400F312CC /* PlaysAndQuotations.plist in Resources */ = {isa = PBXBuildFile; fileRef = 3AA2D5131C3610C400F312CC /* PlaysAndQuotations.plist */; };
		3AA2D5181C3610C400F312CC /* carat-open.png in Resources */ = {isa = PBXBuildFile; fileRef = 3AA2D5141C3610C400F312CC /* carat-open.png */; };
		3AA2D5191C3610C400F312CC /* carat.png in Resources */ = {isa = PBXBuildFile; fileRef = 3AA2D5151C3610C400F312CC /* carat.png */; };
		3AA2D51A1C3610C400F312CC /* TVAnimationsGestures-Info.plist in Resources */ = {isa = PBXBuildFile; fileRef = 3AA2D5161C3610C400F312CC /* TVAnimationsGestures-Info.plist */; };
		3AB3F5351C535B3200B7FA98 /* CCFFavFormControllerCell.m in Sources */ = {isa = PBXBuildFile; fileRef = 3AB3F5341C535B3200B7FA98 /* CCFFavFormControllerCell.m */; };
		3AB3F5381C53939300B7FA98 /* CCFForm.m in Sources */ = {isa = PBXBuildFile; fileRef = 3AB3F5371C53939300B7FA98 /* CCFForm.m */; };
		3AEA1F2F1C364E7E00710BD6 /* CCFThreadListTableViewController.m in Sources */ = {isa = PBXBuildFile; fileRef = 3AEA1F2E1C364E7E00710BD6 /* CCFThreadListTableViewController.m */; };
		3AEA1F331C365CB600710BD6 /* CCFEntry.m in Sources */ = {isa = PBXBuildFile; fileRef = 3AEA1F321C365CB600710BD6 /* CCFEntry.m */; };
		3AEA1F371C365EA400710BD6 /* CCFShowThreadViewController.m in Sources */ = {isa = PBXBuildFile; fileRef = 3AEA1F361C365EA400710BD6 /* CCFShowThreadViewController.m */; };
		3AF86A741C82CAB50036AD61 /* LoginCCFUser.m in Sources */ = {isa = PBXBuildFile; fileRef = 3AF86A731C82CAB50036AD61 /* LoginCCFUser.m */; };
		3AF86A781C82EECE0036AD61 /* CCFApi.m in Sources */ = {isa = PBXBuildFile; fileRef = 3AF86A771C82EECE0036AD61 /* CCFApi.m */; };
		3AF86A7F1C8329C40036AD61 /* PrivateMessage.m in Sources */ = {isa = PBXBuildFile; fileRef = 3AF86A7E1C8329C40036AD61 /* PrivateMessage.m */; };
		4D1EEBAB1C32502A0084F6E9 /* CCFUser.m in Sources */ = {isa = PBXBuildFile; fileRef = 4D1EEBAA1C32502A0084F6E9 /* CCFUser.m */; };
		4D1EEBAE1C3251E70084F6E9 /* CCFPost.m in Sources */ = {isa = PBXBuildFile; fileRef = 4D1EEBAD1C3251E70084F6E9 /* CCFPost.m */; };
		4D1EEBB11C3260130084F6E9 /* CCFShowThreadPage.m in Sources */ = {isa = PBXBuildFile; fileRef = 4D1EEBB01C3260130084F6E9 /* CCFShowThreadPage.m */; };
		4D1EEBBB1C33D4FD0084F6E9 /* LoginViewController.m in Sources */ = {isa = PBXBuildFile; fileRef = 4D1EEBB91C33D4FD0084F6E9 /* LoginViewController.m */; };
		4D1EEBBC1C33D4FD0084F6E9 /* LoginViewController.xib in Resources */ = {isa = PBXBuildFile; fileRef = 4D1EEBBA1C33D4FD0084F6E9 /* LoginViewController.xib */; };
		4D32560D1C4754E700053288 /* SelectPhotoCollectionViewCell.m in Sources */ = {isa = PBXBuildFile; fileRef = 4D32560C1C4754E700053288 /* SelectPhotoCollectionViewCell.m */; };
		4D339D901C31454A0022A6A4 /* main.m in Sources */ = {isa = PBXBuildFile; fileRef = 4D339D8F1C31454A0022A6A4 /* main.m */; };
		4D339D931C31454A0022A6A4 /* AppDelegate.m in Sources */ = {isa = PBXBuildFile; fileRef = 4D339D921C31454A0022A6A4 /* AppDelegate.m */; };
		4D339D991C31454A0022A6A4 /* Main.storyboard in Resources */ = {isa = PBXBuildFile; fileRef = 4D339D971C31454A0022A6A4 /* Main.storyboard */; };
		4D339D9E1C31454B0022A6A4 /* Assets.xcassets in Resources */ = {isa = PBXBuildFile; fileRef = 4D339D9D1C31454B0022A6A4 /* Assets.xcassets */; };
		4D339DA11C31454B0022A6A4 /* LaunchScreen.storyboard in Resources */ = {isa = PBXBuildFile; fileRef = 4D339D9F1C31454B0022A6A4 /* LaunchScreen.storyboard */; };
		4D6B11C81C9A536600E073A1 /* CCFSimpleThread.m in Sources */ = {isa = PBXBuildFile; fileRef = 4D6B11C71C9A536600E073A1 /* CCFSimpleThread.m */; };
		4D6B11CB1C9A582100E073A1 /* CCFSimpleThreadTableViewCell.m in Sources */ = {isa = PBXBuildFile; fileRef = 4D6B11CA1C9A582100E073A1 /* CCFSimpleThreadTableViewCell.m */; };
		4D796B611C3BC17800B3C62D /* DrawerView.m in Sources */ = {isa = PBXBuildFile; fileRef = 4D796B5F1C3BC17800B3C62D /* DrawerView.m */; };
		4D796B681C3BDCA800B3C62D /* DrawerView.xib in Resources */ = {isa = PBXBuildFile; fileRef = 4D796B671C3BDCA800B3C62D /* DrawerView.xib */; };
		4D796BC11C3DF93D00B3C62D /* CAShapeLayer+WCPullRefresh.m in Sources */ = {isa = PBXBuildFile; fileRef = 4D796BB61C3DF93D00B3C62D /* CAShapeLayer+WCPullRefresh.m */; };
		4D796BC21C3DF93D00B3C62D /* NSDate+WCPullRefresh.m in Sources */ = {isa = PBXBuildFile; fileRef = 4D796BB81C3DF93D00B3C62D /* NSDate+WCPullRefresh.m */; };
		4D796BC31C3DF93D00B3C62D /* WCMagicSquareView.m in Sources */ = {isa = PBXBuildFile; fileRef = 4D796BBA1C3DF93D00B3C62D /* WCMagicSquareView.m */; };
		4D796BC41C3DF93D00B3C62D /* WCProgressItem.m in Sources */ = {isa = PBXBuildFile; fileRef = 4D796BBC1C3DF93D00B3C62D /* WCProgressItem.m */; };
		4D796BC51C3DF93D00B3C62D /* WCPullRefreshControl.m in Sources */ = {isa = PBXBuildFile; fileRef = 4D796BBE1C3DF93D00B3C62D /* WCPullRefreshControl.m */; };
		4D796BC61C3DF93D00B3C62D /* WCRefreshingItem.m in Sources */ = {isa = PBXBuildFile; fileRef = 4D796BC01C3DF93D00B3C62D /* WCRefreshingItem.m */; };
		4D796BC91C3DFA6400B3C62D /* WCGraintCircleLayer.m in Sources */ = {isa = PBXBuildFile; fileRef = 4D796BC81C3DFA6400B3C62D /* WCGraintCircleLayer.m */; };
		4D796BCD1C3E4BDD00B3C62D /* CCFUtils.m in Sources */ = {isa = PBXBuildFile; fileRef = 4D796BCC1C3E4BDD00B3C62D /* CCFUtils.m */; };
		4D796BD21C3FC8ED00B3C62D /* CCFUITextView.m in Sources */ = {isa = PBXBuildFile; fileRef = 4D796BD11C3FC8ED00B3C62D /* CCFUITextView.m */; };
		4D796BD81C43576700B3C62D /* CCFSearchViewController.m in Sources */ = {isa = PBXBuildFile; fileRef = 4D796BD71C43576700B3C62D /* CCFSearchViewController.m */; };
		4D796BDB1C43666C00B3C62D /* CCFSearchResultCell.m in Sources */ = {isa = PBXBuildFile; fileRef = 4D796BDA1C43666C00B3C62D /* CCFSearchResultCell.m */; };
		4D796BDE1C43675100B3C62D /* CCFSearchThread.m in Sources */ = {isa = PBXBuildFile; fileRef = 4D796BDD1C43675100B3C62D /* CCFSearchThread.m */; };
		4D796BE41C437C5000B3C62D /* NSString+Regular.m in Sources */ = {isa = PBXBuildFile; fileRef = 4D796BE31C437C5000B3C62D /* NSString+Regular.m */; };
		4D796BEA1C44992700B3C62D /* UIStoryboard+CCF.m in Sources */ = {isa = PBXBuildFile; fileRef = 4D796BE91C44992700B3C62D /* UIStoryboard+CCF.m */; };
		4D796BED1C44A43B00B3C62D /* CCFNavigationController.m in Sources */ = {isa = PBXBuildFile; fileRef = 4D796BEC1C44A43B00B3C62D /* CCFNavigationController.m */; };
		4D796BF11C44B6F800B3C62D /* Form.xcdatamodeld in Sources */ = {isa = PBXBuildFile; fileRef = 4D796BEF1C44B6F800B3C62D /* Form.xcdatamodeld */; };
		4D796BF61C44BBA000B3C62D /* FormEntry+CoreDataProperties.m in Sources */ = {isa = PBXBuildFile; fileRef = 4D796BF31C44BBA000B3C62D /* FormEntry+CoreDataProperties.m */; };
		4D796BF71C44BBA000B3C62D /* FormEntry.m in Sources */ = {isa = PBXBuildFile; fileRef = 4D796BF51C44BBA000B3C62D /* FormEntry.m */; };
		4D796BFA1C44BE7800B3C62D /* CoreDataManager.m in Sources */ = {isa = PBXBuildFile; fileRef = 4D796BF91C44BE7800B3C62D /* CoreDataManager.m */; };
		4D796BFF1C44FAED00B3C62D /* CCFCoreDataManager.m in Sources */ = {isa = PBXBuildFile; fileRef = 4D796BFE1C44FAED00B3C62D /* CCFCoreDataManager.m */; };
		4D796C051C460D4200B3C62D /* NSUserDefaults+CCF.m in Sources */ = {isa = PBXBuildFile; fileRef = 4D796C041C460D4200B3C62D /* NSUserDefaults+CCF.m */; };
		4D852A1D1C97E2A7009121B2 /* CCFThread.m in Sources */ = {isa = PBXBuildFile; fileRef = 4D852A1C1C97E2A7009121B2 /* CCFThread.m */; };
		4D852A201C991294009121B2 /* CCFPage.m in Sources */ = {isa = PBXBuildFile; fileRef = 4D852A1F1C991294009121B2 /* CCFPage.m */; };
		4D852A231C991B59009121B2 /* CCFForumDisplayPage.m in Sources */ = {isa = PBXBuildFile; fileRef = 4D852A221C991B59009121B2 /* CCFForumDisplayPage.m */; };
		4D93CFD71C85355D00852D28 /* ApiTestViewController.m in Sources */ = {isa = PBXBuildFile; fileRef = 4D93CFD51C85355D00852D28 /* ApiTestViewController.m */; };
		4D93CFD81C85355D00852D28 /* ApiTestViewController.xib in Resources */ = {isa = PBXBuildFile; fileRef = 4D93CFD61C85355D00852D28 /* ApiTestViewController.xib */; };
		4DAFF55A1C91AB2E000E72C8 /* CCFPrivateMessageTableViewController.m in Sources */ = {isa = PBXBuildFile; fileRef = 4DAFF5591C91AB2E000E72C8 /* CCFPrivateMessageTableViewController.m */; };
		4DB98FB31C4E0F5A0081AF87 /* CCFUserEntry+CoreDataProperties.m in Sources */ = {isa = PBXBuildFile; fileRef = 4DB98FB01C4E0F5A0081AF87 /* CCFUserEntry+CoreDataProperties.m */; };
		4DB98FB41C4E0F5A0081AF87 /* CCFUserEntry.m in Sources */ = {isa = PBXBuildFile; fileRef = 4DB98FB21C4E0F5A0081AF87 /* CCFUserEntry.m */; };
		4DEB34C31C47BBE400063CBB /* AssetsLibrary.framework in Frameworks */ = {isa = PBXBuildFile; fileRef = 4DEB34C21C47BBE400063CBB /* AssetsLibrary.framework */; };
		4DEB34C61C48D57C00063CBB /* AFHTTPSessionManager+SimpleAction.m in Sources */ = {isa = PBXBuildFile; fileRef = 4DEB34C51C48D57C00063CBB /* AFHTTPSessionManager+SimpleAction.m */; };
		4DF824BA1C34C4C6005BB858 /* CCFFormJSONModel.m in Sources */ = {isa = PBXBuildFile; fileRef = 4DF824B91C34C4C6005BB858 /* CCFFormJSONModel.m */; };
		4DF824BC1C34E5EF005BB858 /* ccf.json in Resources */ = {isa = PBXBuildFile; fileRef = 4DF824BB1C34E5EF005BB858 /* ccf.json */; };
		4DF824BF1C34E9EF005BB858 /* CCFFormTreeJSONModel.m in Sources */ = {isa = PBXBuildFile; fileRef = 4DF824BE1C34E9EF005BB858 /* CCFFormTreeJSONModel.m */; };
		4DF824C31C34F0B2005BB858 /* CCFFormDao.m in Sources */ = {isa = PBXBuildFile; fileRef = 4DF824C21C34F0B2005BB858 /* CCFFormDao.m */; };
		FF75782265EC6BD32854A29B /* libPods.a in Frameworks */ = {isa = PBXBuildFile; fileRef = 7066804BD439AE15BAD99B97 /* libPods.a */; };
/* End PBXBuildFile section */

/* Begin PBXFileReference section */
		3A0A997B1C4A5AFC00086DAB /* RoundCornerUITextView.h */ = {isa = PBXFileReference; fileEncoding = 4; lastKnownFileType = sourcecode.c.h; path = RoundCornerUITextView.h; sourceTree = "<group>"; };
		3A0A997C1C4A5AFC00086DAB /* RoundCornerUITextView.m */ = {isa = PBXFileReference; fileEncoding = 4; lastKnownFileType = sourcecode.c.objc; path = RoundCornerUITextView.m; sourceTree = "<group>"; };
		3A0A997E1C4A6A4E00086DAB /* RoundCornerUIView.h */ = {isa = PBXFileReference; fileEncoding = 4; lastKnownFileType = sourcecode.c.h; path = RoundCornerUIView.h; sourceTree = "<group>"; };
		3A0A997F1C4A6A4E00086DAB /* RoundCornerUIView.m */ = {isa = PBXFileReference; fileEncoding = 4; lastKnownFileType = sourcecode.c.objc; path = RoundCornerUIView.m; sourceTree = "<group>"; };
		3A0A99811C4A71B600086DAB /* CCFSeniorNewPostViewController.h */ = {isa = PBXFileReference; fileEncoding = 4; lastKnownFileType = sourcecode.c.h; path = CCFSeniorNewPostViewController.h; sourceTree = "<group>"; };
		3A0A99821C4A71B600086DAB /* CCFSeniorNewPostViewController.m */ = {isa = PBXFileReference; fileEncoding = 4; lastKnownFileType = sourcecode.c.objc; path = CCFSeniorNewPostViewController.m; sourceTree = "<group>"; };
		3A187B341C40B4EE003DA5C2 /* AlertProgressViewController.h */ = {isa = PBXFileReference; fileEncoding = 4; lastKnownFileType = sourcecode.c.h; path = AlertProgressViewController.h; sourceTree = "<group>"; };
		3A187B351C40B4EE003DA5C2 /* AlertProgressViewController.m */ = {isa = PBXFileReference; fileEncoding = 4; lastKnownFileType = sourcecode.c.objc; path = AlertProgressViewController.m; sourceTree = "<group>"; };
		3A1CF86D1C54F88C002E52EE /* LeftDrawerItem.h */ = {isa = PBXFileReference; fileEncoding = 4; lastKnownFileType = sourcecode.c.h; path = LeftDrawerItem.h; sourceTree = "<group>"; };
		3A1CF86E1C54F88C002E52EE /* LeftDrawerItem.m */ = {isa = PBXFileReference; fileEncoding = 4; lastKnownFileType = sourcecode.c.objc; path = LeftDrawerItem.m; sourceTree = "<group>"; };
		3A1CF8701C54F8AB002E52EE /* CommonUtils.h */ = {isa = PBXFileReference; fileEncoding = 4; lastKnownFileType = sourcecode.c.h; path = CommonUtils.h; sourceTree = "<group>"; };
		3A1CF8711C54F8AB002E52EE /* CommonUtils.m */ = {isa = PBXFileReference; fileEncoding = 4; lastKnownFileType = sourcecode.c.objc; path = CommonUtils.m; sourceTree = "<group>"; };
		3A1CF8721C54F8AB002E52EE /* UIImage+Tint.h */ = {isa = PBXFileReference; fileEncoding = 4; lastKnownFileType = sourcecode.c.h; path = "UIImage+Tint.h"; sourceTree = "<group>"; };
		3A1CF8731C54F8AB002E52EE /* UIImage+Tint.m */ = {isa = PBXFileReference; fileEncoding = 4; lastKnownFileType = sourcecode.c.objc; path = "UIImage+Tint.m"; sourceTree = "<group>"; };
		3A1CF8741C54F8AB002E52EE /* UIColor+MyColor.h */ = {isa = PBXFileReference; fileEncoding = 4; lastKnownFileType = sourcecode.c.h; path = "UIColor+MyColor.h"; sourceTree = "<group>"; };
		3A1CF8751C54F8AB002E52EE /* UIColor+MyColor.m */ = {isa = PBXFileReference; fileEncoding = 4; lastKnownFileType = sourcecode.c.objc; path = "UIColor+MyColor.m"; sourceTree = "<group>"; };
		3A1CF8791C54F8CD002E52EE /* Constances.h */ = {isa = PBXFileReference; lastKnownFileType = sourcecode.c.h; path = Constances.h; sourceTree = "<group>"; };
		3A23462B1C8C5C73009A2537 /* CCFShowTodayNewThreadPostTableViewController.h */ = {isa = PBXFileReference; fileEncoding = 4; lastKnownFileType = sourcecode.c.h; path = CCFShowTodayNewThreadPostTableViewController.h; sourceTree = "<group>"; };
		3A23462C1C8C5C73009A2537 /* CCFShowTodayNewThreadPostTableViewController.m */ = {isa = PBXFileReference; fileEncoding = 4; lastKnownFileType = sourcecode.c.objc; path = CCFShowTodayNewThreadPostTableViewController.m; sourceTree = "<group>"; };
		3A23462E1C8C62C2009A2537 /* CCFShowNewThreadPostTableViewController.h */ = {isa = PBXFileReference; fileEncoding = 4; lastKnownFileType = sourcecode.c.h; path = CCFShowNewThreadPostTableViewController.h; sourceTree = "<group>"; };
		3A23462F1C8C62C2009A2537 /* CCFShowNewThreadPostTableViewController.m */ = {isa = PBXFileReference; fileEncoding = 4; lastKnownFileType = sourcecode.c.objc; path = CCFShowNewThreadPostTableViewController.m; sourceTree = "<group>"; };
		3A2346311C8C6A6C009A2537 /* CCFMyThreadTableViewController.h */ = {isa = PBXFileReference; fileEncoding = 4; lastKnownFileType = sourcecode.c.h; path = CCFMyThreadTableViewController.h; sourceTree = "<group>"; };
		3A2346321C8C6A6C009A2537 /* CCFMyThreadTableViewController.m */ = {isa = PBXFileReference; fileEncoding = 4; lastKnownFileType = sourcecode.c.objc; path = CCFMyThreadTableViewController.m; sourceTree = "<group>"; };
		3A2346341C8C6AE2009A2537 /* CCFMyThreadPostTableViewController.h */ = {isa = PBXFileReference; fileEncoding = 4; lastKnownFileType = sourcecode.c.h; path = CCFMyThreadPostTableViewController.h; sourceTree = "<group>"; };
		3A2346351C8C6AE2009A2537 /* CCFMyThreadPostTableViewController.m */ = {isa = PBXFileReference; fileEncoding = 4; lastKnownFileType = sourcecode.c.objc; path = CCFMyThreadPostTableViewController.m; sourceTree = "<group>"; };
		3A27EA311C9424EB004D30EB /* CCFFavThreadPostTableViewController.h */ = {isa = PBXFileReference; fileEncoding = 4; lastKnownFileType = sourcecode.c.h; path = CCFFavThreadPostTableViewController.h; sourceTree = "<group>"; };
		3A27EA321C9424EB004D30EB /* CCFFavThreadPostTableViewController.m */ = {isa = PBXFileReference; fileEncoding = 4; lastKnownFileType = sourcecode.c.objc; path = CCFFavThreadPostTableViewController.m; sourceTree = "<group>"; };
		3A2ECF521C36C0EB00CD3968 /* CCFNormalThread.h */ = {isa = PBXFileReference; fileEncoding = 4; lastKnownFileType = sourcecode.c.h; path = CCFNormalThread.h; sourceTree = "<group>"; };
		3A2ECF531C36C0EB00CD3968 /* CCFNormalThread.m */ = {isa = PBXFileReference; fileEncoding = 4; lastKnownFileType = sourcecode.c.objc; path = CCFNormalThread.m; sourceTree = "<group>"; };
		3A2FCC751C953FCD00B469E4 /* UICircleImageView.h */ = {isa = PBXFileReference; fileEncoding = 4; lastKnownFileType = sourcecode.c.h; path = UICircleImageView.h; sourceTree = "<group>"; };
		3A2FCC761C953FCD00B469E4 /* UICircleImageView.m */ = {isa = PBXFileReference; fileEncoding = 4; lastKnownFileType = sourcecode.c.objc; path = UICircleImageView.m; sourceTree = "<group>"; };
		3A2FCC781C9558F100B469E4 /* CCFApiBaseTableViewController.h */ = {isa = PBXFileReference; fileEncoding = 4; lastKnownFileType = sourcecode.c.h; path = CCFApiBaseTableViewController.h; sourceTree = "<group>"; };
		3A2FCC791C9558F100B469E4 /* CCFApiBaseTableViewController.m */ = {isa = PBXFileReference; fileEncoding = 4; lastKnownFileType = sourcecode.c.objc; path = CCFApiBaseTableViewController.m; sourceTree = "<group>"; };
		3A2FCC7C1C956DB100B469E4 /* PrivateMessageTableViewCell.h */ = {isa = PBXFileReference; fileEncoding = 4; lastKnownFileType = sourcecode.c.h; path = PrivateMessageTableViewCell.h; sourceTree = "<group>"; };
		3A2FCC7D1C956DB100B469E4 /* PrivateMessageTableViewCell.m */ = {isa = PBXFileReference; fileEncoding = 4; lastKnownFileType = sourcecode.c.objc; path = PrivateMessageTableViewCell.m; sourceTree = "<group>"; };
		3A6736C11C400EAA008D51EC /* CCFToolbar.h */ = {isa = PBXFileReference; fileEncoding = 4; lastKnownFileType = sourcecode.c.h; path = CCFToolbar.h; sourceTree = "<group>"; };
		3A6736C21C400EAA008D51EC /* CCFToolbar.m */ = {isa = PBXFileReference; fileEncoding = 4; lastKnownFileType = sourcecode.c.objc; path = CCFToolbar.m; sourceTree = "<group>"; };
		3A690A411C3755C00076C8F1 /* CCFThreadListCell.h */ = {isa = PBXFileReference; fileEncoding = 4; lastKnownFileType = sourcecode.c.h; path = CCFThreadListCell.h; sourceTree = "<group>"; };
		3A690A421C3755C00076C8F1 /* CCFThreadListCell.m */ = {isa = PBXFileReference; fileEncoding = 4; lastKnownFileType = sourcecode.c.objc; path = CCFThreadListCell.m; sourceTree = "<group>"; };
		3A690A441C375B5B0076C8F1 /* CCFThreadDetailCell.h */ = {isa = PBXFileReference; fileEncoding = 4; lastKnownFileType = sourcecode.c.h; path = CCFThreadDetailCell.h; sourceTree = "<group>"; };
		3A690A451C375B5B0076C8F1 /* CCFThreadDetailCell.m */ = {isa = PBXFileReference; fileEncoding = 4; lastKnownFileType = sourcecode.c.objc; path = CCFThreadDetailCell.m; sourceTree = "<group>"; };
		3A690A471C3792D00076C8F1 /* CCFThreadDetailCell.xib */ = {isa = PBXFileReference; fileEncoding = 4; lastKnownFileType = file.xib; path = CCFThreadDetailCell.xib; sourceTree = "<group>"; };
		3A7569AB1C42B179000486F4 /* CCFFavFormController.h */ = {isa = PBXFileReference; fileEncoding = 4; lastKnownFileType = sourcecode.c.h; path = CCFFavFormController.h; sourceTree = "<group>"; };
		3A7569AC1C42B179000486F4 /* CCFFavFormController.m */ = {isa = PBXFileReference; fileEncoding = 4; lastKnownFileType = sourcecode.c.objc; path = CCFFavFormController.m; sourceTree = "<group>"; };
		3A842C9F1C469AC1002944A9 /* CCFNewThreadViewController.h */ = {isa = PBXFileReference; fileEncoding = 4; lastKnownFileType = sourcecode.c.h; path = CCFNewThreadViewController.h; sourceTree = "<group>"; };
		3A842CA01C469AC1002944A9 /* CCFNewThreadViewController.m */ = {isa = PBXFileReference; fileEncoding = 4; lastKnownFileType = sourcecode.c.objc; path = CCFNewThreadViewController.m; sourceTree = "<group>"; };
		3A93298C1C39648900A26249 /* CoreText.framework */ = {isa = PBXFileReference; lastKnownFileType = wrapper.framework; name = CoreText.framework; path = System/Library/Frameworks/CoreText.framework; sourceTree = SDKROOT; };
		3A9FEDD41C341E2E00F30885 /* CCFUrlBuilder.h */ = {isa = PBXFileReference; fileEncoding = 4; lastKnownFileType = sourcecode.c.h; path = CCFUrlBuilder.h; sourceTree = "<group>"; };
		3A9FEDD51C341E2E00F30885 /* CCFUrlBuilder.m */ = {isa = PBXFileReference; fileEncoding = 4; lastKnownFileType = sourcecode.c.objc; path = CCFUrlBuilder.m; sourceTree = "<group>"; };
		3A9FEDD81C342CB800F30885 /* CCFParser.h */ = {isa = PBXFileReference; fileEncoding = 4; lastKnownFileType = sourcecode.c.h; path = CCFParser.h; sourceTree = "<group>"; };
		3A9FEDD91C342CB800F30885 /* CCFParser.m */ = {isa = PBXFileReference; fileEncoding = 4; lastKnownFileType = sourcecode.c.objc; path = CCFParser.m; sourceTree = "<group>"; };
		3A9FEDDC1C3430A500F30885 /* CCFBrowser.h */ = {isa = PBXFileReference; fileEncoding = 4; lastKnownFileType = sourcecode.c.h; path = CCFBrowser.h; sourceTree = "<group>"; };
		3A9FEDDD1C3430A500F30885 /* CCFBrowser.m */ = {isa = PBXFileReference; fileEncoding = 4; lastKnownFileType = sourcecode.c.objc; path = CCFBrowser.m; sourceTree = "<group>"; };
		3A9FEDE01C3438AC00F30885 /* NSString+Kit.h */ = {isa = PBXFileReference; fileEncoding = 4; lastKnownFileType = sourcecode.c.h; path = "NSString+Kit.h"; sourceTree = "<group>"; };
		3A9FEDE11C3438AC00F30885 /* NSString+Kit.m */ = {isa = PBXFileReference; fileEncoding = 4; lastKnownFileType = sourcecode.c.objc; path = "NSString+Kit.m"; sourceTree = "<group>"; };
		3AA2D4F61C36103C00F312CC /* CCFFormHeaderView.h */ = {isa = PBXFileReference; fileEncoding = 4; lastKnownFileType = sourcecode.c.h; path = CCFFormHeaderView.h; sourceTree = "<group>"; };
		3AA2D4F71C36103C00F312CC /* CCFFormHeaderView.m */ = {isa = PBXFileReference; fileEncoding = 4; lastKnownFileType = sourcecode.c.objc; path = CCFFormHeaderView.m; sourceTree = "<group>"; };
		3AA2D4F81C36103C00F312CC /* CCFFormHeaderView.xib */ = {isa = PBXFileReference; fileEncoding = 4; lastKnownFileType = file.xib; path = CCFFormHeaderView.xib; sourceTree = "<group>"; };
		3AA2D4F91C36103C00F312CC /* CCFFormSectionInfo.h */ = {isa = PBXFileReference; fileEncoding = 4; lastKnownFileType = sourcecode.c.h; path = CCFFormSectionInfo.h; sourceTree = "<group>"; };
		3AA2D4FA1C36103C00F312CC /* CCFFormSectionInfo.m */ = {isa = PBXFileReference; fileEncoding = 4; lastKnownFileType = sourcecode.c.objc; path = CCFFormSectionInfo.m; sourceTree = "<group>"; };
		3AA2D4FF1C36103C00F312CC /* APLHighlightingTextView.h */ = {isa = PBXFileReference; fileEncoding = 4; lastKnownFileType = sourcecode.c.h; path = APLHighlightingTextView.h; sourceTree = "<group>"; };
		3AA2D5001C36103C00F312CC /* APLHighlightingTextView.m */ = {isa = PBXFileReference; fileEncoding = 4; lastKnownFileType = sourcecode.c.objc; path = APLHighlightingTextView.m; sourceTree = "<group>"; };
		3AA2D5011C36103C00F312CC /* CCFThreadViewCell.h */ = {isa = PBXFileReference; fileEncoding = 4; lastKnownFileType = sourcecode.c.h; path = CCFThreadViewCell.h; sourceTree = "<group>"; };
		3AA2D5021C36103C00F312CC /* CCFThreadViewCell.m */ = {isa = PBXFileReference; fileEncoding = 4; lastKnownFileType = sourcecode.c.objc; path = CCFThreadViewCell.m; sourceTree = "<group>"; };
		3AA2D5031C36103C00F312CC /* CCFThreadViewCell.xib */ = {isa = PBXFileReference; fileEncoding = 4; lastKnownFileType = file.xib; path = CCFThreadViewCell.xib; sourceTree = "<group>"; };
		3AA2D50C1C36105100F312CC /* CCFFormTableViewController.h */ = {isa = PBXFileReference; fileEncoding = 4; lastKnownFileType = sourcecode.c.h; path = CCFFormTableViewController.h; sourceTree = "<group>"; };
		3AA2D50D1C36105100F312CC /* CCFFormTableViewController.m */ = {isa = PBXFileReference; fileEncoding = 4; lastKnownFileType = sourcecode.c.objc; path = CCFFormTableViewController.m; sourceTree = "<group>"; };
		3AA2D5121C3610C400F312CC /* TVAnimationsGestures-Prefix.pch */ = {isa = PBXFileReference; fileEncoding = 4; lastKnownFileType = sourcecode.c.h; path = "TVAnimationsGestures-Prefix.pch"; sourceTree = "<group>"; };
		3AA2D5131C3610C400F312CC /* PlaysAndQuotations.plist */ = {isa = PBXFileReference; fileEncoding = 4; lastKnownFileType = text.plist.xml; path = PlaysAndQuotations.plist; sourceTree = "<group>"; };
		3AA2D5141C3610C400F312CC /* carat-open.png */ = {isa = PBXFileReference; lastKnownFileType = image.png; path = "carat-open.png"; sourceTree = "<group>"; };
		3AA2D5151C3610C400F312CC /* carat.png */ = {isa = PBXFileReference; lastKnownFileType = image.png; path = carat.png; sourceTree = "<group>"; };
		3AA2D5161C3610C400F312CC /* TVAnimationsGestures-Info.plist */ = {isa = PBXFileReference; fileEncoding = 4; lastKnownFileType = text.plist.xml; path = "TVAnimationsGestures-Info.plist"; sourceTree = "<group>"; };
		3AB3F5331C535B3200B7FA98 /* CCFFavFormControllerCell.h */ = {isa = PBXFileReference; fileEncoding = 4; lastKnownFileType = sourcecode.c.h; path = CCFFavFormControllerCell.h; sourceTree = "<group>"; };
		3AB3F5341C535B3200B7FA98 /* CCFFavFormControllerCell.m */ = {isa = PBXFileReference; fileEncoding = 4; lastKnownFileType = sourcecode.c.objc; path = CCFFavFormControllerCell.m; sourceTree = "<group>"; };
		3AB3F5361C53939300B7FA98 /* CCFForm.h */ = {isa = PBXFileReference; fileEncoding = 4; lastKnownFileType = sourcecode.c.h; path = CCFForm.h; sourceTree = "<group>"; };
		3AB3F5371C53939300B7FA98 /* CCFForm.m */ = {isa = PBXFileReference; fileEncoding = 4; lastKnownFileType = sourcecode.c.objc; path = CCFForm.m; sourceTree = "<group>"; };
		3AEA1F2D1C364E7E00710BD6 /* CCFThreadListTableViewController.h */ = {isa = PBXFileReference; fileEncoding = 4; lastKnownFileType = sourcecode.c.h; path = CCFThreadListTableViewController.h; sourceTree = "<group>"; };
		3AEA1F2E1C364E7E00710BD6 /* CCFThreadListTableViewController.m */ = {isa = PBXFileReference; fileEncoding = 4; lastKnownFileType = sourcecode.c.objc; path = CCFThreadListTableViewController.m; sourceTree = "<group>"; };
		3AEA1F301C365CA600710BD6 /* CCFEntryDelegate.h */ = {isa = PBXFileReference; lastKnownFileType = sourcecode.c.h; path = CCFEntryDelegate.h; sourceTree = "<group>"; };
		3AEA1F311C365CB600710BD6 /* CCFEntry.h */ = {isa = PBXFileReference; fileEncoding = 4; lastKnownFileType = sourcecode.c.h; path = CCFEntry.h; sourceTree = "<group>"; };
		3AEA1F321C365CB600710BD6 /* CCFEntry.m */ = {isa = PBXFileReference; fileEncoding = 4; lastKnownFileType = sourcecode.c.objc; path = CCFEntry.m; sourceTree = "<group>"; };
		3AEA1F351C365EA400710BD6 /* CCFShowThreadViewController.h */ = {isa = PBXFileReference; fileEncoding = 4; lastKnownFileType = sourcecode.c.h; path = CCFShowThreadViewController.h; sourceTree = "<group>"; };
		3AEA1F361C365EA400710BD6 /* CCFShowThreadViewController.m */ = {isa = PBXFileReference; fileEncoding = 4; lastKnownFileType = sourcecode.c.objc; path = CCFShowThreadViewController.m; sourceTree = "<group>"; };
		3AF86A721C82CAB50036AD61 /* LoginCCFUser.h */ = {isa = PBXFileReference; fileEncoding = 4; lastKnownFileType = sourcecode.c.h; path = LoginCCFUser.h; sourceTree = "<group>"; };
		3AF86A731C82CAB50036AD61 /* LoginCCFUser.m */ = {isa = PBXFileReference; fileEncoding = 4; lastKnownFileType = sourcecode.c.objc; path = LoginCCFUser.m; sourceTree = "<group>"; };
		3AF86A761C82EECE0036AD61 /* CCFApi.h */ = {isa = PBXFileReference; fileEncoding = 4; lastKnownFileType = sourcecode.c.h; path = CCFApi.h; sourceTree = "<group>"; };
		3AF86A771C82EECE0036AD61 /* CCFApi.m */ = {isa = PBXFileReference; fileEncoding = 4; lastKnownFileType = sourcecode.c.objc; path = CCFApi.m; sourceTree = "<group>"; };
		3AF86A7D1C8329C40036AD61 /* PrivateMessage.h */ = {isa = PBXFileReference; fileEncoding = 4; lastKnownFileType = sourcecode.c.h; path = PrivateMessage.h; sourceTree = "<group>"; };
		3AF86A7E1C8329C40036AD61 /* PrivateMessage.m */ = {isa = PBXFileReference; fileEncoding = 4; lastKnownFileType = sourcecode.c.objc; path = PrivateMessage.m; sourceTree = "<group>"; };
		4AD749A3A2E07798AF7D58D5 /* Pods.release.xcconfig */ = {isa = PBXFileReference; includeInIndex = 1; lastKnownFileType = text.xcconfig; name = Pods.release.xcconfig; path = "Pods/Target Support Files/Pods/Pods.release.xcconfig"; sourceTree = "<group>"; };
		4D1EEBA91C32502A0084F6E9 /* CCFUser.h */ = {isa = PBXFileReference; fileEncoding = 4; lastKnownFileType = sourcecode.c.h; path = CCFUser.h; sourceTree = "<group>"; };
		4D1EEBAA1C32502A0084F6E9 /* CCFUser.m */ = {isa = PBXFileReference; fileEncoding = 4; lastKnownFileType = sourcecode.c.objc; path = CCFUser.m; sourceTree = "<group>"; };
		4D1EEBAC1C3251E70084F6E9 /* CCFPost.h */ = {isa = PBXFileReference; fileEncoding = 4; lastKnownFileType = sourcecode.c.h; path = CCFPost.h; sourceTree = "<group>"; };
		4D1EEBAD1C3251E70084F6E9 /* CCFPost.m */ = {isa = PBXFileReference; fileEncoding = 4; lastKnownFileType = sourcecode.c.objc; path = CCFPost.m; sourceTree = "<group>"; };
		4D1EEBAF1C3260130084F6E9 /* CCFShowThreadPage.h */ = {isa = PBXFileReference; fileEncoding = 4; lastKnownFileType = sourcecode.c.h; path = CCFShowThreadPage.h; sourceTree = "<group>"; };
		4D1EEBB01C3260130084F6E9 /* CCFShowThreadPage.m */ = {isa = PBXFileReference; fileEncoding = 4; lastKnownFileType = sourcecode.c.objc; path = CCFShowThreadPage.m; sourceTree = "<group>"; };
		4D1EEBB81C33D4FD0084F6E9 /* LoginViewController.h */ = {isa = PBXFileReference; fileEncoding = 4; lastKnownFileType = sourcecode.c.h; path = LoginViewController.h; sourceTree = "<group>"; };
		4D1EEBB91C33D4FD0084F6E9 /* LoginViewController.m */ = {isa = PBXFileReference; fileEncoding = 4; lastKnownFileType = sourcecode.c.objc; path = LoginViewController.m; sourceTree = "<group>"; };
		4D1EEBBA1C33D4FD0084F6E9 /* LoginViewController.xib */ = {isa = PBXFileReference; fileEncoding = 4; lastKnownFileType = file.xib; path = LoginViewController.xib; sourceTree = "<group>"; };
		4D32560B1C4754E700053288 /* SelectPhotoCollectionViewCell.h */ = {isa = PBXFileReference; fileEncoding = 4; lastKnownFileType = sourcecode.c.h; path = SelectPhotoCollectionViewCell.h; sourceTree = "<group>"; };
		4D32560C1C4754E700053288 /* SelectPhotoCollectionViewCell.m */ = {isa = PBXFileReference; fileEncoding = 4; lastKnownFileType = sourcecode.c.objc; path = SelectPhotoCollectionViewCell.m; sourceTree = "<group>"; };
		4D339D8B1C31454A0022A6A4 /* CCF.app */ = {isa = PBXFileReference; explicitFileType = wrapper.application; includeInIndex = 0; path = CCF.app; sourceTree = BUILT_PRODUCTS_DIR; };
		4D339D8F1C31454A0022A6A4 /* main.m */ = {isa = PBXFileReference; lastKnownFileType = sourcecode.c.objc; path = main.m; sourceTree = "<group>"; };
		4D339D911C31454A0022A6A4 /* AppDelegate.h */ = {isa = PBXFileReference; lastKnownFileType = sourcecode.c.h; path = AppDelegate.h; sourceTree = "<group>"; };
		4D339D921C31454A0022A6A4 /* AppDelegate.m */ = {isa = PBXFileReference; lastKnownFileType = sourcecode.c.objc; path = AppDelegate.m; sourceTree = "<group>"; };
		4D339D981C31454A0022A6A4 /* Base */ = {isa = PBXFileReference; lastKnownFileType = file.storyboard; name = Base; path = Base.lproj/Main.storyboard; sourceTree = "<group>"; };
		4D339D9D1C31454B0022A6A4 /* Assets.xcassets */ = {isa = PBXFileReference; lastKnownFileType = folder.assetcatalog; path = Assets.xcassets; sourceTree = "<group>"; };
		4D339DA01C31454B0022A6A4 /* Base */ = {isa = PBXFileReference; lastKnownFileType = file.storyboard; name = Base; path = Base.lproj/LaunchScreen.storyboard; sourceTree = "<group>"; };
		4D339DA21C31454B0022A6A4 /* Info.plist */ = {isa = PBXFileReference; lastKnownFileType = text.plist.xml; path = Info.plist; sourceTree = "<group>"; };
		4D6B11C61C9A536600E073A1 /* CCFSimpleThread.h */ = {isa = PBXFileReference; fileEncoding = 4; lastKnownFileType = sourcecode.c.h; path = CCFSimpleThread.h; sourceTree = "<group>"; };
		4D6B11C71C9A536600E073A1 /* CCFSimpleThread.m */ = {isa = PBXFileReference; fileEncoding = 4; lastKnownFileType = sourcecode.c.objc; path = CCFSimpleThread.m; sourceTree = "<group>"; };
		4D6B11C91C9A582100E073A1 /* CCFSimpleThreadTableViewCell.h */ = {isa = PBXFileReference; fileEncoding = 4; lastKnownFileType = sourcecode.c.h; path = CCFSimpleThreadTableViewCell.h; sourceTree = "<group>"; };
		4D6B11CA1C9A582100E073A1 /* CCFSimpleThreadTableViewCell.m */ = {isa = PBXFileReference; fileEncoding = 4; lastKnownFileType = sourcecode.c.objc; path = CCFSimpleThreadTableViewCell.m; sourceTree = "<group>"; };
		4D796B5E1C3BC17800B3C62D /* DrawerView.h */ = {isa = PBXFileReference; fileEncoding = 4; lastKnownFileType = sourcecode.c.h; path = DrawerView.h; sourceTree = "<group>"; };
		4D796B5F1C3BC17800B3C62D /* DrawerView.m */ = {isa = PBXFileReference; fileEncoding = 4; lastKnownFileType = sourcecode.c.objc; path = DrawerView.m; sourceTree = "<group>"; };
		4D796B601C3BC17800B3C62D /* DrawerViewDelegate.h */ = {isa = PBXFileReference; fileEncoding = 4; lastKnownFileType = sourcecode.c.h; path = DrawerViewDelegate.h; sourceTree = "<group>"; };
		4D796B671C3BDCA800B3C62D /* DrawerView.xib */ = {isa = PBXFileReference; fileEncoding = 4; lastKnownFileType = file.xib; path = DrawerView.xib; sourceTree = "<group>"; };
		4D796BB51C3DF93D00B3C62D /* CAShapeLayer+WCPullRefresh.h */ = {isa = PBXFileReference; fileEncoding = 4; lastKnownFileType = sourcecode.c.h; path = "CAShapeLayer+WCPullRefresh.h"; sourceTree = "<group>"; };
		4D796BB61C3DF93D00B3C62D /* CAShapeLayer+WCPullRefresh.m */ = {isa = PBXFileReference; fileEncoding = 4; lastKnownFileType = sourcecode.c.objc; path = "CAShapeLayer+WCPullRefresh.m"; sourceTree = "<group>"; };
		4D796BB71C3DF93D00B3C62D /* NSDate+WCPullRefresh.h */ = {isa = PBXFileReference; fileEncoding = 4; lastKnownFileType = sourcecode.c.h; path = "NSDate+WCPullRefresh.h"; sourceTree = "<group>"; };
		4D796BB81C3DF93D00B3C62D /* NSDate+WCPullRefresh.m */ = {isa = PBXFileReference; fileEncoding = 4; lastKnownFileType = sourcecode.c.objc; path = "NSDate+WCPullRefresh.m"; sourceTree = "<group>"; };
		4D796BB91C3DF93D00B3C62D /* WCMagicSquareView.h */ = {isa = PBXFileReference; fileEncoding = 4; lastKnownFileType = sourcecode.c.h; path = WCMagicSquareView.h; sourceTree = "<group>"; };
		4D796BBA1C3DF93D00B3C62D /* WCMagicSquareView.m */ = {isa = PBXFileReference; fileEncoding = 4; lastKnownFileType = sourcecode.c.objc; path = WCMagicSquareView.m; sourceTree = "<group>"; };
		4D796BBB1C3DF93D00B3C62D /* WCProgressItem.h */ = {isa = PBXFileReference; fileEncoding = 4; lastKnownFileType = sourcecode.c.h; path = WCProgressItem.h; sourceTree = "<group>"; };
		4D796BBC1C3DF93D00B3C62D /* WCProgressItem.m */ = {isa = PBXFileReference; fileEncoding = 4; lastKnownFileType = sourcecode.c.objc; path = WCProgressItem.m; sourceTree = "<group>"; };
		4D796BBD1C3DF93D00B3C62D /* WCPullRefreshControl.h */ = {isa = PBXFileReference; fileEncoding = 4; lastKnownFileType = sourcecode.c.h; path = WCPullRefreshControl.h; sourceTree = "<group>"; };
		4D796BBE1C3DF93D00B3C62D /* WCPullRefreshControl.m */ = {isa = PBXFileReference; fileEncoding = 4; lastKnownFileType = sourcecode.c.objc; path = WCPullRefreshControl.m; sourceTree = "<group>"; };
		4D796BBF1C3DF93D00B3C62D /* WCRefreshingItem.h */ = {isa = PBXFileReference; fileEncoding = 4; lastKnownFileType = sourcecode.c.h; path = WCRefreshingItem.h; sourceTree = "<group>"; };
		4D796BC01C3DF93D00B3C62D /* WCRefreshingItem.m */ = {isa = PBXFileReference; fileEncoding = 4; lastKnownFileType = sourcecode.c.objc; path = WCRefreshingItem.m; sourceTree = "<group>"; };
		4D796BC71C3DFA6400B3C62D /* WCGraintCircleLayer.h */ = {isa = PBXFileReference; fileEncoding = 4; lastKnownFileType = sourcecode.c.h; path = WCGraintCircleLayer.h; sourceTree = "<group>"; };
		4D796BC81C3DFA6400B3C62D /* WCGraintCircleLayer.m */ = {isa = PBXFileReference; fileEncoding = 4; lastKnownFileType = sourcecode.c.objc; path = WCGraintCircleLayer.m; sourceTree = "<group>"; };
		4D796BCB1C3E4BDD00B3C62D /* CCFUtils.h */ = {isa = PBXFileReference; fileEncoding = 4; lastKnownFileType = sourcecode.c.h; path = CCFUtils.h; sourceTree = "<group>"; };
		4D796BCC1C3E4BDD00B3C62D /* CCFUtils.m */ = {isa = PBXFileReference; fileEncoding = 4; lastKnownFileType = sourcecode.c.objc; path = CCFUtils.m; sourceTree = "<group>"; };
		4D796BD01C3FC8ED00B3C62D /* CCFUITextView.h */ = {isa = PBXFileReference; fileEncoding = 4; lastKnownFileType = sourcecode.c.h; path = CCFUITextView.h; sourceTree = "<group>"; };
		4D796BD11C3FC8ED00B3C62D /* CCFUITextView.m */ = {isa = PBXFileReference; fileEncoding = 4; lastKnownFileType = sourcecode.c.objc; path = CCFUITextView.m; sourceTree = "<group>"; };
		4D796BD61C43576700B3C62D /* CCFSearchViewController.h */ = {isa = PBXFileReference; fileEncoding = 4; lastKnownFileType = sourcecode.c.h; path = CCFSearchViewController.h; sourceTree = "<group>"; };
		4D796BD71C43576700B3C62D /* CCFSearchViewController.m */ = {isa = PBXFileReference; fileEncoding = 4; lastKnownFileType = sourcecode.c.objc; path = CCFSearchViewController.m; sourceTree = "<group>"; };
		4D796BD91C43666C00B3C62D /* CCFSearchResultCell.h */ = {isa = PBXFileReference; fileEncoding = 4; lastKnownFileType = sourcecode.c.h; path = CCFSearchResultCell.h; sourceTree = "<group>"; };
		4D796BDA1C43666C00B3C62D /* CCFSearchResultCell.m */ = {isa = PBXFileReference; fileEncoding = 4; lastKnownFileType = sourcecode.c.objc; path = CCFSearchResultCell.m; sourceTree = "<group>"; };
		4D796BDC1C43675100B3C62D /* CCFSearchThread.h */ = {isa = PBXFileReference; fileEncoding = 4; lastKnownFileType = sourcecode.c.h; path = CCFSearchThread.h; sourceTree = "<group>"; };
		4D796BDD1C43675100B3C62D /* CCFSearchThread.m */ = {isa = PBXFileReference; fileEncoding = 4; lastKnownFileType = sourcecode.c.objc; path = CCFSearchThread.m; sourceTree = "<group>"; };
		4D796BE21C437C5000B3C62D /* NSString+Regular.h */ = {isa = PBXFileReference; fileEncoding = 4; lastKnownFileType = sourcecode.c.h; path = "NSString+Regular.h"; sourceTree = "<group>"; };
		4D796BE31C437C5000B3C62D /* NSString+Regular.m */ = {isa = PBXFileReference; fileEncoding = 4; lastKnownFileType = sourcecode.c.objc; path = "NSString+Regular.m"; sourceTree = "<group>"; };
		4D796BE81C44992700B3C62D /* UIStoryboard+CCF.h */ = {isa = PBXFileReference; fileEncoding = 4; lastKnownFileType = sourcecode.c.h; path = "UIStoryboard+CCF.h"; sourceTree = "<group>"; };
		4D796BE91C44992700B3C62D /* UIStoryboard+CCF.m */ = {isa = PBXFileReference; fileEncoding = 4; lastKnownFileType = sourcecode.c.objc; path = "UIStoryboard+CCF.m"; sourceTree = "<group>"; };
		4D796BEB1C44A43B00B3C62D /* CCFNavigationController.h */ = {isa = PBXFileReference; fileEncoding = 4; lastKnownFileType = sourcecode.c.h; path = CCFNavigationController.h; sourceTree = "<group>"; };
		4D796BEC1C44A43B00B3C62D /* CCFNavigationController.m */ = {isa = PBXFileReference; fileEncoding = 4; lastKnownFileType = sourcecode.c.objc; path = CCFNavigationController.m; sourceTree = "<group>"; };
		4D796BF01C44B6F800B3C62D /* Form.xcdatamodel */ = {isa = PBXFileReference; lastKnownFileType = wrapper.xcdatamodel; path = Form.xcdatamodel; sourceTree = "<group>"; };
		4D796BF21C44BBA000B3C62D /* FormEntry+CoreDataProperties.h */ = {isa = PBXFileReference; fileEncoding = 4; lastKnownFileType = sourcecode.c.h; path = "FormEntry+CoreDataProperties.h"; sourceTree = "<group>"; };
		4D796BF31C44BBA000B3C62D /* FormEntry+CoreDataProperties.m */ = {isa = PBXFileReference; fileEncoding = 4; lastKnownFileType = sourcecode.c.objc; path = "FormEntry+CoreDataProperties.m"; sourceTree = "<group>"; };
		4D796BF41C44BBA000B3C62D /* FormEntry.h */ = {isa = PBXFileReference; fileEncoding = 4; lastKnownFileType = sourcecode.c.h; path = FormEntry.h; sourceTree = "<group>"; };
		4D796BF51C44BBA000B3C62D /* FormEntry.m */ = {isa = PBXFileReference; fileEncoding = 4; lastKnownFileType = sourcecode.c.objc; path = FormEntry.m; sourceTree = "<group>"; };
		4D796BF81C44BE7800B3C62D /* CoreDataManager.h */ = {isa = PBXFileReference; fileEncoding = 4; lastKnownFileType = sourcecode.c.h; path = CoreDataManager.h; sourceTree = "<group>"; };
		4D796BF91C44BE7800B3C62D /* CoreDataManager.m */ = {isa = PBXFileReference; fileEncoding = 4; lastKnownFileType = sourcecode.c.objc; path = CoreDataManager.m; sourceTree = "<group>"; };
		4D796BFD1C44FAED00B3C62D /* CCFCoreDataManager.h */ = {isa = PBXFileReference; fileEncoding = 4; lastKnownFileType = sourcecode.c.h; path = CCFCoreDataManager.h; sourceTree = "<group>"; };
		4D796BFE1C44FAED00B3C62D /* CCFCoreDataManager.m */ = {isa = PBXFileReference; fileEncoding = 4; lastKnownFileType = sourcecode.c.objc; path = CCFCoreDataManager.m; sourceTree = "<group>"; };
		4D796C031C460D4200B3C62D /* NSUserDefaults+CCF.h */ = {isa = PBXFileReference; fileEncoding = 4; lastKnownFileType = sourcecode.c.h; path = "NSUserDefaults+CCF.h"; sourceTree = "<group>"; };
		4D796C041C460D4200B3C62D /* NSUserDefaults+CCF.m */ = {isa = PBXFileReference; fileEncoding = 4; lastKnownFileType = sourcecode.c.objc; path = "NSUserDefaults+CCF.m"; sourceTree = "<group>"; };
		4D852A1B1C97E2A7009121B2 /* CCFThread.h */ = {isa = PBXFileReference; fileEncoding = 4; lastKnownFileType = sourcecode.c.h; path = CCFThread.h; sourceTree = "<group>"; };
		4D852A1C1C97E2A7009121B2 /* CCFThread.m */ = {isa = PBXFileReference; fileEncoding = 4; lastKnownFileType = sourcecode.c.objc; path = CCFThread.m; sourceTree = "<group>"; };
		4D852A1E1C991294009121B2 /* CCFPage.h */ = {isa = PBXFileReference; fileEncoding = 4; lastKnownFileType = sourcecode.c.h; path = CCFPage.h; sourceTree = "<group>"; };
		4D852A1F1C991294009121B2 /* CCFPage.m */ = {isa = PBXFileReference; fileEncoding = 4; lastKnownFileType = sourcecode.c.objc; path = CCFPage.m; sourceTree = "<group>"; };
		4D852A211C991B59009121B2 /* CCFForumDisplayPage.h */ = {isa = PBXFileReference; fileEncoding = 4; lastKnownFileType = sourcecode.c.h; path = CCFForumDisplayPage.h; sourceTree = "<group>"; };
		4D852A221C991B59009121B2 /* CCFForumDisplayPage.m */ = {isa = PBXFileReference; fileEncoding = 4; lastKnownFileType = sourcecode.c.objc; path = CCFForumDisplayPage.m; sourceTree = "<group>"; };
		4D93CFD41C85355D00852D28 /* ApiTestViewController.h */ = {isa = PBXFileReference; fileEncoding = 4; lastKnownFileType = sourcecode.c.h; path = ApiTestViewController.h; sourceTree = "<group>"; };
		4D93CFD51C85355D00852D28 /* ApiTestViewController.m */ = {isa = PBXFileReference; fileEncoding = 4; lastKnownFileType = sourcecode.c.objc; path = ApiTestViewController.m; sourceTree = "<group>"; };
		4D93CFD61C85355D00852D28 /* ApiTestViewController.xib */ = {isa = PBXFileReference; fileEncoding = 4; lastKnownFileType = file.xib; path = ApiTestViewController.xib; sourceTree = "<group>"; };
		4DAFF5581C91AB2E000E72C8 /* CCFPrivateMessageTableViewController.h */ = {isa = PBXFileReference; fileEncoding = 4; lastKnownFileType = sourcecode.c.h; path = CCFPrivateMessageTableViewController.h; sourceTree = "<group>"; };
		4DAFF5591C91AB2E000E72C8 /* CCFPrivateMessageTableViewController.m */ = {isa = PBXFileReference; fileEncoding = 4; lastKnownFileType = sourcecode.c.objc; path = CCFPrivateMessageTableViewController.m; sourceTree = "<group>"; };
		4DB98FAF1C4E0F5A0081AF87 /* CCFUserEntry+CoreDataProperties.h */ = {isa = PBXFileReference; fileEncoding = 4; lastKnownFileType = sourcecode.c.h; path = "CCFUserEntry+CoreDataProperties.h"; sourceTree = "<group>"; };
		4DB98FB01C4E0F5A0081AF87 /* CCFUserEntry+CoreDataProperties.m */ = {isa = PBXFileReference; fileEncoding = 4; lastKnownFileType = sourcecode.c.objc; path = "CCFUserEntry+CoreDataProperties.m"; sourceTree = "<group>"; };
		4DB98FB11C4E0F5A0081AF87 /* CCFUserEntry.h */ = {isa = PBXFileReference; fileEncoding = 4; lastKnownFileType = sourcecode.c.h; path = CCFUserEntry.h; sourceTree = "<group>"; };
		4DB98FB21C4E0F5A0081AF87 /* CCFUserEntry.m */ = {isa = PBXFileReference; fileEncoding = 4; lastKnownFileType = sourcecode.c.objc; path = CCFUserEntry.m; sourceTree = "<group>"; };
		4DEB34C21C47BBE400063CBB /* AssetsLibrary.framework */ = {isa = PBXFileReference; lastKnownFileType = wrapper.framework; name = AssetsLibrary.framework; path = System/Library/Frameworks/AssetsLibrary.framework; sourceTree = SDKROOT; };
		4DEB34C41C48D57C00063CBB /* AFHTTPSessionManager+SimpleAction.h */ = {isa = PBXFileReference; fileEncoding = 4; lastKnownFileType = sourcecode.c.h; path = "AFHTTPSessionManager+SimpleAction.h"; sourceTree = "<group>"; };
		4DEB34C51C48D57C00063CBB /* AFHTTPSessionManager+SimpleAction.m */ = {isa = PBXFileReference; fileEncoding = 4; lastKnownFileType = sourcecode.c.objc; path = "AFHTTPSessionManager+SimpleAction.m"; sourceTree = "<group>"; };
		4DF824B81C34C4C6005BB858 /* CCFFormJSONModel.h */ = {isa = PBXFileReference; fileEncoding = 4; lastKnownFileType = sourcecode.c.h; path = CCFFormJSONModel.h; sourceTree = "<group>"; };
		4DF824B91C34C4C6005BB858 /* CCFFormJSONModel.m */ = {isa = PBXFileReference; fileEncoding = 4; lastKnownFileType = sourcecode.c.objc; path = CCFFormJSONModel.m; sourceTree = "<group>"; };
		4DF824BB1C34E5EF005BB858 /* ccf.json */ = {isa = PBXFileReference; fileEncoding = 4; lastKnownFileType = text.json; path = ccf.json; sourceTree = "<group>"; };
		4DF824BD1C34E9EF005BB858 /* CCFFormTreeJSONModel.h */ = {isa = PBXFileReference; fileEncoding = 4; lastKnownFileType = sourcecode.c.h; path = CCFFormTreeJSONModel.h; sourceTree = "<group>"; };
		4DF824BE1C34E9EF005BB858 /* CCFFormTreeJSONModel.m */ = {isa = PBXFileReference; fileEncoding = 4; lastKnownFileType = sourcecode.c.objc; path = CCFFormTreeJSONModel.m; sourceTree = "<group>"; };
		4DF824C11C34F0B2005BB858 /* CCFFormDao.h */ = {isa = PBXFileReference; fileEncoding = 4; lastKnownFileType = sourcecode.c.h; path = CCFFormDao.h; sourceTree = "<group>"; };
		4DF824C21C34F0B2005BB858 /* CCFFormDao.m */ = {isa = PBXFileReference; fileEncoding = 4; lastKnownFileType = sourcecode.c.objc; path = CCFFormDao.m; sourceTree = "<group>"; };
		7066804BD439AE15BAD99B97 /* libPods.a */ = {isa = PBXFileReference; explicitFileType = archive.ar; includeInIndex = 0; path = libPods.a; sourceTree = BUILT_PRODUCTS_DIR; };
		D45EAE323577337DE9983928 /* Pods.debug.xcconfig */ = {isa = PBXFileReference; includeInIndex = 1; lastKnownFileType = text.xcconfig; name = Pods.debug.xcconfig; path = "Pods/Target Support Files/Pods/Pods.debug.xcconfig"; sourceTree = "<group>"; };
/* End PBXFileReference section */

/* Begin PBXFrameworksBuildPhase section */
		4D339D881C31454A0022A6A4 /* Frameworks */ = {
			isa = PBXFrameworksBuildPhase;
			buildActionMask = 2147483647;
			files = (
				4DEB34C31C47BBE400063CBB /* AssetsLibrary.framework in Frameworks */,
				3A93298D1C39648900A26249 /* CoreText.framework in Frameworks */,
				FF75782265EC6BD32854A29B /* libPods.a in Frameworks */,
			);
			runOnlyForDeploymentPostprocessing = 0;
		};
/* End PBXFrameworksBuildPhase section */

/* Begin PBXGroup section */
		3A2FCC7B1C956D5C00B469E4 /* TableViewCell */ = {
			isa = PBXGroup;
			children = (
				4D32560B1C4754E700053288 /* SelectPhotoCollectionViewCell.h */,
				4D32560C1C4754E700053288 /* SelectPhotoCollectionViewCell.m */,
				3AB3F5331C535B3200B7FA98 /* CCFFavFormControllerCell.h */,
				3AB3F5341C535B3200B7FA98 /* CCFFavFormControllerCell.m */,
				3A690A411C3755C00076C8F1 /* CCFThreadListCell.h */,
				3A690A421C3755C00076C8F1 /* CCFThreadListCell.m */,
				4D6B11C91C9A582100E073A1 /* CCFSimpleThreadTableViewCell.h */,
				4D6B11CA1C9A582100E073A1 /* CCFSimpleThreadTableViewCell.m */,
				3A690A441C375B5B0076C8F1 /* CCFThreadDetailCell.h */,
				3A690A451C375B5B0076C8F1 /* CCFThreadDetailCell.m */,
				3A690A471C3792D00076C8F1 /* CCFThreadDetailCell.xib */,
				4D796BD91C43666C00B3C62D /* CCFSearchResultCell.h */,
				4D796BDA1C43666C00B3C62D /* CCFSearchResultCell.m */,
				3A2FCC7C1C956DB100B469E4 /* PrivateMessageTableViewCell.h */,
				3A2FCC7D1C956DB100B469E4 /* PrivateMessageTableViewCell.m */,
			);
			name = TableViewCell;
			sourceTree = "<group>";
		};
		3A9FEDD31C341DE200F30885 /* CCFURL */ = {
			isa = PBXGroup;
			children = (
				3A9FEDD41C341E2E00F30885 /* CCFUrlBuilder.h */,
				3A9FEDD51C341E2E00F30885 /* CCFUrlBuilder.m */,
			);
			name = CCFURL;
			sourceTree = "<group>";
		};
		3A9FEDD71C342C4400F30885 /* CCFParser */ = {
			isa = PBXGroup;
			children = (
				3A9FEDD81C342CB800F30885 /* CCFParser.h */,
				3A9FEDD91C342CB800F30885 /* CCFParser.m */,
			);
			name = CCFParser;
			sourceTree = "<group>";
		};
		3A9FEDDB1C34306600F30885 /* CCFBrowser */ = {
			isa = PBXGroup;
			children = (
				3A9FEDDC1C3430A500F30885 /* CCFBrowser.h */,
				3A9FEDDD1C3430A500F30885 /* CCFBrowser.m */,
			);
			name = CCFBrowser;
			sourceTree = "<group>";
		};
		3A9FEDDF1C34382E00F30885 /* Category */ = {
			isa = PBXGroup;
			children = (
				3A9FEDE01C3438AC00F30885 /* NSString+Kit.h */,
				3A9FEDE11C3438AC00F30885 /* NSString+Kit.m */,
			);
			name = Category;
			sourceTree = "<group>";
		};
		3AA2D4F51C36101E00F312CC /* FoldTableView */ = {
			isa = PBXGroup;
			children = (
				3AA2D5111C36107E00F312CC /* SupportFiles */,
				3AA2D4F61C36103C00F312CC /* CCFFormHeaderView.h */,
				3AA2D4F71C36103C00F312CC /* CCFFormHeaderView.m */,
				3AA2D4F81C36103C00F312CC /* CCFFormHeaderView.xib */,
				3AA2D4F91C36103C00F312CC /* CCFFormSectionInfo.h */,
				3AA2D4FA1C36103C00F312CC /* CCFFormSectionInfo.m */,
				3AA2D4FF1C36103C00F312CC /* APLHighlightingTextView.h */,
				3AA2D5001C36103C00F312CC /* APLHighlightingTextView.m */,
				3AA2D5011C36103C00F312CC /* CCFThreadViewCell.h */,
				3AA2D5021C36103C00F312CC /* CCFThreadViewCell.m */,
				3AA2D5031C36103C00F312CC /* CCFThreadViewCell.xib */,
			);
			name = FoldTableView;
			sourceTree = "<group>";
		};
		3AA2D5111C36107E00F312CC /* SupportFiles */ = {
			isa = PBXGroup;
			children = (
				3AA2D5121C3610C400F312CC /* TVAnimationsGestures-Prefix.pch */,
				3AA2D5131C3610C400F312CC /* PlaysAndQuotations.plist */,
				3AA2D5141C3610C400F312CC /* carat-open.png */,
				3AA2D5151C3610C400F312CC /* carat.png */,
				3AA2D5161C3610C400F312CC /* TVAnimationsGestures-Info.plist */,
			);
			name = SupportFiles;
			sourceTree = "<group>";
		};
		3AEA1F341C365E2100710BD6 /* CCFControllers */ = {
			isa = PBXGroup;
			children = (
				3A2FCC7B1C956D5C00B469E4 /* TableViewCell */,
				4D1EEBB81C33D4FD0084F6E9 /* LoginViewController.h */,
				4D1EEBB91C33D4FD0084F6E9 /* LoginViewController.m */,
				3A187B341C40B4EE003DA5C2 /* AlertProgressViewController.h */,
				3A187B351C40B4EE003DA5C2 /* AlertProgressViewController.m */,
				4D1EEBBA1C33D4FD0084F6E9 /* LoginViewController.xib */,
				4D796BEB1C44A43B00B3C62D /* CCFNavigationController.h */,
				4D796BEC1C44A43B00B3C62D /* CCFNavigationController.m */,
				3AEA1F2D1C364E7E00710BD6 /* CCFThreadListTableViewController.h */,
				3AEA1F2E1C364E7E00710BD6 /* CCFThreadListTableViewController.m */,
				3AEA1F351C365EA400710BD6 /* CCFShowThreadViewController.h */,
				3AEA1F361C365EA400710BD6 /* CCFShowThreadViewController.m */,
				3AA2D50C1C36105100F312CC /* CCFFormTableViewController.h */,
				3AA2D50D1C36105100F312CC /* CCFFormTableViewController.m */,
				3A7569AB1C42B179000486F4 /* CCFFavFormController.h */,
				3A7569AC1C42B179000486F4 /* CCFFavFormController.m */,
				4D796BD61C43576700B3C62D /* CCFSearchViewController.h */,
				4D796BD71C43576700B3C62D /* CCFSearchViewController.m */,
				4D796BE81C44992700B3C62D /* UIStoryboard+CCF.h */,
				4D796BE91C44992700B3C62D /* UIStoryboard+CCF.m */,
				3A842C9F1C469AC1002944A9 /* CCFNewThreadViewController.h */,
				3A842CA01C469AC1002944A9 /* CCFNewThreadViewController.m */,
				3A0A99811C4A71B600086DAB /* CCFSeniorNewPostViewController.h */,
				3A0A99821C4A71B600086DAB /* CCFSeniorNewPostViewController.m */,
				3A2346341C8C6AE2009A2537 /* CCFMyThreadPostTableViewController.h */,
				3A2346351C8C6AE2009A2537 /* CCFMyThreadPostTableViewController.m */,
				3A2346311C8C6A6C009A2537 /* CCFMyThreadTableViewController.h */,
				3A2346321C8C6A6C009A2537 /* CCFMyThreadTableViewController.m */,
				3A23462E1C8C62C2009A2537 /* CCFShowNewThreadPostTableViewController.h */,
				3A23462F1C8C62C2009A2537 /* CCFShowNewThreadPostTableViewController.m */,
				3A23462B1C8C5C73009A2537 /* CCFShowTodayNewThreadPostTableViewController.h */,
				3A23462C1C8C5C73009A2537 /* CCFShowTodayNewThreadPostTableViewController.m */,
				4DAFF5581C91AB2E000E72C8 /* CCFPrivateMessageTableViewController.h */,
				4DAFF5591C91AB2E000E72C8 /* CCFPrivateMessageTableViewController.m */,
				3A27EA311C9424EB004D30EB /* CCFFavThreadPostTableViewController.h */,
				3A27EA321C9424EB004D30EB /* CCFFavThreadPostTableViewController.m */,
				3A2FCC781C9558F100B469E4 /* CCFApiBaseTableViewController.h */,
				3A2FCC791C9558F100B469E4 /* CCFApiBaseTableViewController.m */,
			);
			name = CCFControllers;
			sourceTree = "<group>";
		};
		3AF86A751C82EEAF0036AD61 /* CCFAPI */ = {
			isa = PBXGroup;
			children = (
				3AF86A761C82EECE0036AD61 /* CCFApi.h */,
				3AF86A771C82EECE0036AD61 /* CCFApi.m */,
				4D93CFD41C85355D00852D28 /* ApiTestViewController.h */,
				4D93CFD51C85355D00852D28 /* ApiTestViewController.m */,
				4D93CFD61C85355D00852D28 /* ApiTestViewController.xib */,
			);
			name = CCFAPI;
			sourceTree = "<group>";
		};
		3AF86A7C1C83298C0036AD61 /* PrivateMessage */ = {
			isa = PBXGroup;
			children = (
				3AF86A7D1C8329C40036AD61 /* PrivateMessage.h */,
				3AF86A7E1C8329C40036AD61 /* PrivateMessage.m */,
			);
			name = PrivateMessage;
			sourceTree = "<group>";
		};
		4D1EEBA81C324FFD0084F6E9 /* Module */ = {
			isa = PBXGroup;
			children = (
				3AF86A7C1C83298C0036AD61 /* PrivateMessage */,
				4D796BEE1C44B59100B3C62D /* Core Data */,
				4D796C011C45F38400B3C62D /* JSONModel */,
				4D796C001C45F2E100B3C62D /* Thread-Normal */,
				4D796C021C45F99000B3C62D /* Thread-Search */,
				3AF86A721C82CAB50036AD61 /* LoginCCFUser.h */,
				3AF86A731C82CAB50036AD61 /* LoginCCFUser.m */,
			);
			name = Module;
			sourceTree = "<group>";
		};
		4D339D821C31454A0022A6A4 = {
			isa = PBXGroup;
			children = (
				4D339D8D1C31454A0022A6A4 /* CCF */,
				4D339D8C1C31454A0022A6A4 /* Products */,
				849509D36740A6FFD960CDA8 /* Pods */,
				CC5E7A99B69535660B7F40C0 /* Frameworks */,
			);
			sourceTree = "<group>";
		};
		4D339D8C1C31454A0022A6A4 /* Products */ = {
			isa = PBXGroup;
			children = (
				4D339D8B1C31454A0022A6A4 /* CCF.app */,
			);
			name = Products;
			sourceTree = "<group>";
		};
		4D339D8D1C31454A0022A6A4 /* CCF */ = {
			isa = PBXGroup;
			children = (
				3AF86A751C82EEAF0036AD61 /* CCFAPI */,
				4D796BCA1C3E4BA700B3C62D /* Utils */,
				4D796BB31C3DF88F00B3C62D /* Addons */,
				4D796B5D1C3BC15D00B3C62D /* Public Views */,
				3AEA1F341C365E2100710BD6 /* CCFControllers */,
				3AEA1F301C365CA600710BD6 /* CCFEntryDelegate.h */,
				3AEA1F311C365CB600710BD6 /* CCFEntry.h */,
				3AEA1F321C365CB600710BD6 /* CCFEntry.m */,
				3AA2D4F51C36101E00F312CC /* FoldTableView */,
				3A9FEDDF1C34382E00F30885 /* Category */,
				3A9FEDDB1C34306600F30885 /* CCFBrowser */,
				3A9FEDD71C342C4400F30885 /* CCFParser */,
				3A9FEDD31C341DE200F30885 /* CCFURL */,
				4D1EEBA81C324FFD0084F6E9 /* Module */,
				4D339D911C31454A0022A6A4 /* AppDelegate.h */,
				4D339D921C31454A0022A6A4 /* AppDelegate.m */,
				4D339D971C31454A0022A6A4 /* Main.storyboard */,
				4D339D9D1C31454B0022A6A4 /* Assets.xcassets */,
				4D339D9F1C31454B0022A6A4 /* LaunchScreen.storyboard */,
				4D339DA21C31454B0022A6A4 /* Info.plist */,
				4D339D8E1C31454A0022A6A4 /* Supporting Files */,
			);
			path = CCF;
			sourceTree = "<group>";
		};
		4D339D8E1C31454A0022A6A4 /* Supporting Files */ = {
			isa = PBXGroup;
			children = (
				4D339D8F1C31454A0022A6A4 /* main.m */,
			);
			name = "Supporting Files";
			sourceTree = "<group>";
		};
		4D796B5D1C3BC15D00B3C62D /* Public Views */ = {
			isa = PBXGroup;
			children = (
				3A1CF8791C54F8CD002E52EE /* Constances.h */,
				3A1CF8701C54F8AB002E52EE /* CommonUtils.h */,
				3A1CF8711C54F8AB002E52EE /* CommonUtils.m */,
				3A1CF8721C54F8AB002E52EE /* UIImage+Tint.h */,
				3A1CF8731C54F8AB002E52EE /* UIImage+Tint.m */,
				3A1CF8741C54F8AB002E52EE /* UIColor+MyColor.h */,
				3A1CF8751C54F8AB002E52EE /* UIColor+MyColor.m */,
				3A1CF86D1C54F88C002E52EE /* LeftDrawerItem.h */,
				3A1CF86E1C54F88C002E52EE /* LeftDrawerItem.m */,
				4D796B5E1C3BC17800B3C62D /* DrawerView.h */,
				4D796B5F1C3BC17800B3C62D /* DrawerView.m */,
				4D796B671C3BDCA800B3C62D /* DrawerView.xib */,
				4D796B601C3BC17800B3C62D /* DrawerViewDelegate.h */,
				4D796BD01C3FC8ED00B3C62D /* CCFUITextView.h */,
				4D796BD11C3FC8ED00B3C62D /* CCFUITextView.m */,
				3A6736C11C400EAA008D51EC /* CCFToolbar.h */,
				3A6736C21C400EAA008D51EC /* CCFToolbar.m */,
				3A0A997B1C4A5AFC00086DAB /* RoundCornerUITextView.h */,
				3A0A997C1C4A5AFC00086DAB /* RoundCornerUITextView.m */,
				3A0A997E1C4A6A4E00086DAB /* RoundCornerUIView.h */,
				3A0A997F1C4A6A4E00086DAB /* RoundCornerUIView.m */,
				3A2FCC751C953FCD00B469E4 /* UICircleImageView.h */,
				3A2FCC761C953FCD00B469E4 /* UICircleImageView.m */,
			);
			name = "Public Views";
			sourceTree = "<group>";
		};
		4D796BB31C3DF88F00B3C62D /* Addons */ = {
			isa = PBXGroup;
			children = (
				4D796BB41C3DF89D00B3C62D /* PullRefresh */,
				4DEB34C41C48D57C00063CBB /* AFHTTPSessionManager+SimpleAction.h */,
				4DEB34C51C48D57C00063CBB /* AFHTTPSessionManager+SimpleAction.m */,
			);
			name = Addons;
			sourceTree = "<group>";
		};
		4D796BB41C3DF89D00B3C62D /* PullRefresh */ = {
			isa = PBXGroup;
			children = (
				4D796BC71C3DFA6400B3C62D /* WCGraintCircleLayer.h */,
				4D796BC81C3DFA6400B3C62D /* WCGraintCircleLayer.m */,
				4D796BB51C3DF93D00B3C62D /* CAShapeLayer+WCPullRefresh.h */,
				4D796BB61C3DF93D00B3C62D /* CAShapeLayer+WCPullRefresh.m */,
				4D796BB71C3DF93D00B3C62D /* NSDate+WCPullRefresh.h */,
				4D796BB81C3DF93D00B3C62D /* NSDate+WCPullRefresh.m */,
				4D796BB91C3DF93D00B3C62D /* WCMagicSquareView.h */,
				4D796BBA1C3DF93D00B3C62D /* WCMagicSquareView.m */,
				4D796BBB1C3DF93D00B3C62D /* WCProgressItem.h */,
				4D796BBC1C3DF93D00B3C62D /* WCProgressItem.m */,
				4D796BBD1C3DF93D00B3C62D /* WCPullRefreshControl.h */,
				4D796BBE1C3DF93D00B3C62D /* WCPullRefreshControl.m */,
				4D796BBF1C3DF93D00B3C62D /* WCRefreshingItem.h */,
				4D796BC01C3DF93D00B3C62D /* WCRefreshingItem.m */,
			);
			name = PullRefresh;
			sourceTree = "<group>";
		};
		4D796BCA1C3E4BA700B3C62D /* Utils */ = {
			isa = PBXGroup;
			children = (
				4D796BCB1C3E4BDD00B3C62D /* CCFUtils.h */,
				4D796BCC1C3E4BDD00B3C62D /* CCFUtils.m */,
				4D796BE21C437C5000B3C62D /* NSString+Regular.h */,
				4D796BE31C437C5000B3C62D /* NSString+Regular.m */,
				4D796C031C460D4200B3C62D /* NSUserDefaults+CCF.h */,
				4D796C041C460D4200B3C62D /* NSUserDefaults+CCF.m */,
			);
			name = Utils;
			sourceTree = "<group>";
		};
		4D796BEE1C44B59100B3C62D /* Core Data */ = {
			isa = PBXGroup;
			children = (
				4D796BEF1C44B6F800B3C62D /* Form.xcdatamodeld */,
				4DB98FAF1C4E0F5A0081AF87 /* CCFUserEntry+CoreDataProperties.h */,
				4DB98FB01C4E0F5A0081AF87 /* CCFUserEntry+CoreDataProperties.m */,
				4DB98FB11C4E0F5A0081AF87 /* CCFUserEntry.h */,
				4DB98FB21C4E0F5A0081AF87 /* CCFUserEntry.m */,
				4DB98F9F1C4E04690081AF87 /* User */,
				4D796BFC1C44CCCE00B3C62D /* Post */,
				4D796BFB1C44CCBF00B3C62D /* Form */,
				4D796BF81C44BE7800B3C62D /* CoreDataManager.h */,
				4D796BF91C44BE7800B3C62D /* CoreDataManager.m */,
				4D796BFD1C44FAED00B3C62D /* CCFCoreDataManager.h */,
				4D796BFE1C44FAED00B3C62D /* CCFCoreDataManager.m */,
			);
			name = "Core Data";
			sourceTree = "<group>";
		};
		4D796BFB1C44CCBF00B3C62D /* Form */ = {
			isa = PBXGroup;
			children = (
				4D796BF21C44BBA000B3C62D /* FormEntry+CoreDataProperties.h */,
				4D796BF31C44BBA000B3C62D /* FormEntry+CoreDataProperties.m */,
				4D796BF41C44BBA000B3C62D /* FormEntry.h */,
				4D796BF51C44BBA000B3C62D /* FormEntry.m */,
			);
			name = Form;
			sourceTree = "<group>";
		};
		4D796BFC1C44CCCE00B3C62D /* Post */ = {
			isa = PBXGroup;
			children = (
			);
			name = Post;
			sourceTree = "<group>";
		};
		4D796C001C45F2E100B3C62D /* Thread-Normal */ = {
			isa = PBXGroup;
			children = (
				4D1EEBA91C32502A0084F6E9 /* CCFUser.h */,
				4D1EEBAA1C32502A0084F6E9 /* CCFUser.m */,
				4D1EEBAC1C3251E70084F6E9 /* CCFPost.h */,
				4D1EEBAD1C3251E70084F6E9 /* CCFPost.m */,
				4D1EEBAF1C3260130084F6E9 /* CCFShowThreadPage.h */,
				4D1EEBB01C3260130084F6E9 /* CCFShowThreadPage.m */,
				4D852A211C991B59009121B2 /* CCFForumDisplayPage.h */,
				4D852A221C991B59009121B2 /* CCFForumDisplayPage.m */,
				3A2ECF521C36C0EB00CD3968 /* CCFNormalThread.h */,
				3A2ECF531C36C0EB00CD3968 /* CCFNormalThread.m */,
				3AB3F5361C53939300B7FA98 /* CCFForm.h */,
				3AB3F5371C53939300B7FA98 /* CCFForm.m */,
				4D852A1B1C97E2A7009121B2 /* CCFThread.h */,
				4D852A1C1C97E2A7009121B2 /* CCFThread.m */,
				4D6B11C61C9A536600E073A1 /* CCFSimpleThread.h */,
				4D6B11C71C9A536600E073A1 /* CCFSimpleThread.m */,
				4D852A1E1C991294009121B2 /* CCFPage.h */,
				4D852A1F1C991294009121B2 /* CCFPage.m */,
			);
			name = "Thread-Normal";
			sourceTree = "<group>";
		};
		4D796C011C45F38400B3C62D /* JSONModel */ = {
			isa = PBXGroup;
			children = (
				4DF824C11C34F0B2005BB858 /* CCFFormDao.h */,
				4DF824C21C34F0B2005BB858 /* CCFFormDao.m */,
				4DF824BB1C34E5EF005BB858 /* ccf.json */,
				4DF824B81C34C4C6005BB858 /* CCFFormJSONModel.h */,
				4DF824B91C34C4C6005BB858 /* CCFFormJSONModel.m */,
				4DF824BD1C34E9EF005BB858 /* CCFFormTreeJSONModel.h */,
				4DF824BE1C34E9EF005BB858 /* CCFFormTreeJSONModel.m */,
			);
			name = JSONModel;
			sourceTree = "<group>";
		};
		4D796C021C45F99000B3C62D /* Thread-Search */ = {
			isa = PBXGroup;
			children = (
				4D796BDC1C43675100B3C62D /* CCFSearchThread.h */,
				4D796BDD1C43675100B3C62D /* CCFSearchThread.m */,
			);
			name = "Thread-Search";
			sourceTree = "<group>";
		};
		4DB98F9F1C4E04690081AF87 /* User */ = {
			isa = PBXGroup;
			children = (
			);
			name = User;
			sourceTree = "<group>";
		};
		849509D36740A6FFD960CDA8 /* Pods */ = {
			isa = PBXGroup;
			children = (
				D45EAE323577337DE9983928 /* Pods.debug.xcconfig */,
				4AD749A3A2E07798AF7D58D5 /* Pods.release.xcconfig */,
			);
			name = Pods;
			sourceTree = "<group>";
		};
		CC5E7A99B69535660B7F40C0 /* Frameworks */ = {
			isa = PBXGroup;
			children = (
				4DEB34C21C47BBE400063CBB /* AssetsLibrary.framework */,
				3A93298C1C39648900A26249 /* CoreText.framework */,
				7066804BD439AE15BAD99B97 /* libPods.a */,
			);
			name = Frameworks;
			sourceTree = "<group>";
		};
/* End PBXGroup section */

/* Begin PBXNativeTarget section */
		4D339D8A1C31454A0022A6A4 /* CCF */ = {
			isa = PBXNativeTarget;
			buildConfigurationList = 4D339DA51C31454B0022A6A4 /* Build configuration list for PBXNativeTarget "CCF" */;
			buildPhases = (
				98749DBAA66B0ED95FEFB0A0 /* Check Pods Manifest.lock */,
				4D339D871C31454A0022A6A4 /* Sources */,
				4D339D881C31454A0022A6A4 /* Frameworks */,
				4D339D891C31454A0022A6A4 /* Resources */,
				A1C5A111E85F6A0A55D70608 /* Embed Pods Frameworks */,
				8E83BD880ACE4B8E047C76D4 /* Copy Pods Resources */,
			);
			buildRules = (
			);
			dependencies = (
			);
			name = CCF;
			productName = CCF;
			productReference = 4D339D8B1C31454A0022A6A4 /* CCF.app */;
			productType = "com.apple.product-type.application";
		};
/* End PBXNativeTarget section */

/* Begin PBXProject section */
		4D339D831C31454A0022A6A4 /* Project object */ = {
			isa = PBXProject;
			attributes = {
				LastUpgradeCheck = 0720;
				ORGANIZATIONNAME = andforce;
				TargetAttributes = {
					4D339D8A1C31454A0022A6A4 = {
						CreatedOnToolsVersion = 7.2;
						DevelopmentTeam = YZ6U5WU446;
					};
				};
			};
			buildConfigurationList = 4D339D861C31454A0022A6A4 /* Build configuration list for PBXProject "CCF" */;
			compatibilityVersion = "Xcode 3.2";
			developmentRegion = English;
			hasScannedForEncodings = 0;
			knownRegions = (
				en,
				Base,
			);
			mainGroup = 4D339D821C31454A0022A6A4;
			productRefGroup = 4D339D8C1C31454A0022A6A4 /* Products */;
			projectDirPath = "";
			projectRoot = "";
			targets = (
				4D339D8A1C31454A0022A6A4 /* CCF */,
			);
		};
/* End PBXProject section */

/* Begin PBXResourcesBuildPhase section */
		4D339D891C31454A0022A6A4 /* Resources */ = {
			isa = PBXResourcesBuildPhase;
			buildActionMask = 2147483647;
			files = (
				4D796B681C3BDCA800B3C62D /* DrawerView.xib in Resources */,
				3AA2D5181C3610C400F312CC /* carat-open.png in Resources */,
				4D93CFD81C85355D00852D28 /* ApiTestViewController.xib in Resources */,
				4D1EEBBC1C33D4FD0084F6E9 /* LoginViewController.xib in Resources */,
				4D339DA11C31454B0022A6A4 /* LaunchScreen.storyboard in Resources */,
				4D339D9E1C31454B0022A6A4 /* Assets.xcassets in Resources */,
				3AA2D5171C3610C400F312CC /* PlaysAndQuotations.plist in Resources */,
				3AA2D5191C3610C400F312CC /* carat.png in Resources */,
				4DF824BC1C34E5EF005BB858 /* ccf.json in Resources */,
				3AA2D50B1C36103C00F312CC /* CCFThreadViewCell.xib in Resources */,
				4D339D991C31454A0022A6A4 /* Main.storyboard in Resources */,
				3AA2D5051C36103C00F312CC /* CCFFormHeaderView.xib in Resources */,
				3AA2D51A1C3610C400F312CC /* TVAnimationsGestures-Info.plist in Resources */,
				3A690A481C3792D00076C8F1 /* CCFThreadDetailCell.xib in Resources */,
			);
			runOnlyForDeploymentPostprocessing = 0;
		};
/* End PBXResourcesBuildPhase section */

/* Begin PBXShellScriptBuildPhase section */
		8E83BD880ACE4B8E047C76D4 /* Copy Pods Resources */ = {
			isa = PBXShellScriptBuildPhase;
			buildActionMask = 2147483647;
			files = (
			);
			inputPaths = (
			);
			name = "Copy Pods Resources";
			outputPaths = (
			);
			runOnlyForDeploymentPostprocessing = 0;
			shellPath = /bin/sh;
			shellScript = "\"${SRCROOT}/Pods/Target Support Files/Pods/Pods-resources.sh\"\n";
			showEnvVarsInLog = 0;
		};
		98749DBAA66B0ED95FEFB0A0 /* Check Pods Manifest.lock */ = {
			isa = PBXShellScriptBuildPhase;
			buildActionMask = 2147483647;
			files = (
			);
			inputPaths = (
			);
			name = "Check Pods Manifest.lock";
			outputPaths = (
			);
			runOnlyForDeploymentPostprocessing = 0;
			shellPath = /bin/sh;
			shellScript = "diff \"${PODS_ROOT}/../Podfile.lock\" \"${PODS_ROOT}/Manifest.lock\" > /dev/null\nif [[ $? != 0 ]] ; then\n    cat << EOM\nerror: The sandbox is not in sync with the Podfile.lock. Run 'pod install' or update your CocoaPods installation.\nEOM\n    exit 1\nfi\n";
			showEnvVarsInLog = 0;
		};
		A1C5A111E85F6A0A55D70608 /* Embed Pods Frameworks */ = {
			isa = PBXShellScriptBuildPhase;
			buildActionMask = 2147483647;
			files = (
			);
			inputPaths = (
			);
			name = "Embed Pods Frameworks";
			outputPaths = (
			);
			runOnlyForDeploymentPostprocessing = 0;
			shellPath = /bin/sh;
			shellScript = "\"${SRCROOT}/Pods/Target Support Files/Pods/Pods-frameworks.sh\"\n";
			showEnvVarsInLog = 0;
		};
/* End PBXShellScriptBuildPhase section */

/* Begin PBXSourcesBuildPhase section */
		4D339D871C31454A0022A6A4 /* Sources */ = {
			isa = PBXSourcesBuildPhase;
			buildActionMask = 2147483647;
			files = (
				3A842CA11C469AC1002944A9 /* CCFNewThreadViewController.m in Sources */,
				3AEA1F331C365CB600710BD6 /* CCFEntry.m in Sources */,
				3A9FEDDA1C342CB800F30885 /* CCFParser.m in Sources */,
				4D796BE41C437C5000B3C62D /* NSString+Regular.m in Sources */,
				3A690A461C375B5B0076C8F1 /* CCFThreadDetailCell.m in Sources */,
				4D796BC91C3DFA6400B3C62D /* WCGraintCircleLayer.m in Sources */,
				3AA2D5061C36103C00F312CC /* CCFFormSectionInfo.m in Sources */,
				3AF86A7F1C8329C40036AD61 /* PrivateMessage.m in Sources */,
				3A9FEDE21C3438AC00F30885 /* NSString+Kit.m in Sources */,
				4DF824BF1C34E9EF005BB858 /* CCFFormTreeJSONModel.m in Sources */,
				4D796BC31C3DF93D00B3C62D /* WCMagicSquareView.m in Sources */,
				4D796BC61C3DF93D00B3C62D /* WCRefreshingItem.m in Sources */,
				3AF86A781C82EECE0036AD61 /* CCFApi.m in Sources */,
				4D1EEBBB1C33D4FD0084F6E9 /* LoginViewController.m in Sources */,
				3A2346331C8C6A6C009A2537 /* CCFMyThreadTableViewController.m in Sources */,
				3AA2D5041C36103C00F312CC /* CCFFormHeaderView.m in Sources */,
				4DF824C31C34F0B2005BB858 /* CCFFormDao.m in Sources */,
				4DEB34C61C48D57C00063CBB /* AFHTTPSessionManager+SimpleAction.m in Sources */,
				3A2346361C8C6AE2009A2537 /* CCFMyThreadPostTableViewController.m in Sources */,
				3A9FEDDE1C3430A500F30885 /* CCFBrowser.m in Sources */,
				4D1EEBB11C3260130084F6E9 /* CCFShowThreadPage.m in Sources */,
				3A2FCC7A1C9558F100B469E4 /* CCFApiBaseTableViewController.m in Sources */,
				4D796BDE1C43675100B3C62D /* CCFSearchThread.m in Sources */,
				4D796BF11C44B6F800B3C62D /* Form.xcdatamodeld in Sources */,
				4DF824BA1C34C4C6005BB858 /* CCFFormJSONModel.m in Sources */,
				4DB98FB41C4E0F5A0081AF87 /* CCFUserEntry.m in Sources */,
				3A1CF8761C54F8AB002E52EE /* CommonUtils.m in Sources */,
				4D796BFF1C44FAED00B3C62D /* CCFCoreDataManager.m in Sources */,
				4D796BFA1C44BE7800B3C62D /* CoreDataManager.m in Sources */,
				4DAFF55A1C91AB2E000E72C8 /* CCFPrivateMessageTableViewController.m in Sources */,
				4D796BF71C44BBA000B3C62D /* FormEntry.m in Sources */,
				3A7569AD1C42B179000486F4 /* CCFFavFormController.m in Sources */,
				4D796B611C3BC17800B3C62D /* DrawerView.m in Sources */,
				3A2FCC771C953FCD00B469E4 /* UICircleImageView.m in Sources */,
				4D852A231C991B59009121B2 /* CCFForumDisplayPage.m in Sources */,
				4D32560D1C4754E700053288 /* SelectPhotoCollectionViewCell.m in Sources */,
				4D796BDB1C43666C00B3C62D /* CCFSearchResultCell.m in Sources */,
				3AEA1F371C365EA400710BD6 /* CCFShowThreadViewController.m in Sources */,
				3A1CF86F1C54F88C002E52EE /* LeftDrawerItem.m in Sources */,
				4D796BC21C3DF93D00B3C62D /* NSDate+WCPullRefresh.m in Sources */,
				4D1EEBAE1C3251E70084F6E9 /* CCFPost.m in Sources */,
				4D796BD81C43576700B3C62D /* CCFSearchViewController.m in Sources */,
				4D796BF61C44BBA000B3C62D /* FormEntry+CoreDataProperties.m in Sources */,
				3AB3F5351C535B3200B7FA98 /* CCFFavFormControllerCell.m in Sources */,
				4D796C051C460D4200B3C62D /* NSUserDefaults+CCF.m in Sources */,
				4D852A201C991294009121B2 /* CCFPage.m in Sources */,
				4DB98FB31C4E0F5A0081AF87 /* CCFUserEntry+CoreDataProperties.m in Sources */,
				4D6B11CB1C9A582100E073A1 /* CCFSimpleThreadTableViewCell.m in Sources */,
				3A2ECF541C36C0EB00CD3968 /* CCFNormalThread.m in Sources */,
				3AA2D50F1C36105100F312CC /* CCFFormTableViewController.m in Sources */,
				3AEA1F2F1C364E7E00710BD6 /* CCFThreadListTableViewController.m in Sources */,
				3AA2D5091C36103C00F312CC /* APLHighlightingTextView.m in Sources */,
				3AB3F5381C53939300B7FA98 /* CCFForm.m in Sources */,
				4D852A1D1C97E2A7009121B2 /* CCFThread.m in Sources */,
				4D796BCD1C3E4BDD00B3C62D /* CCFUtils.m in Sources */,
				3AF86A741C82CAB50036AD61 /* LoginCCFUser.m in Sources */,
				3A2FCC7E1C956DB100B469E4 /* PrivateMessageTableViewCell.m in Sources */,
				4D1EEBAB1C32502A0084F6E9 /* CCFUser.m in Sources */,
				4D796BC51C3DF93D00B3C62D /* WCPullRefreshControl.m in Sources */,
				4D796BD21C3FC8ED00B3C62D /* CCFUITextView.m in Sources */,
				3A1CF8781C54F8AB002E52EE /* UIColor+MyColor.m in Sources */,
				4D339D931C31454A0022A6A4 /* AppDelegate.m in Sources */,
				4D796BEA1C44992700B3C62D /* UIStoryboard+CCF.m in Sources */,
				3A2346301C8C62C2009A2537 /* CCFShowNewThreadPostTableViewController.m in Sources */,
				3A0A99831C4A71B600086DAB /* CCFSeniorNewPostViewController.m in Sources */,
				3A1CF8771C54F8AB002E52EE /* UIImage+Tint.m in Sources */,
				3A0A99801C4A6A4E00086DAB /* RoundCornerUIView.m in Sources */,
				4D339D901C31454A0022A6A4 /* main.m in Sources */,
				4D796BED1C44A43B00B3C62D /* CCFNavigationController.m in Sources */,
				3A9FEDD61C341E2E00F30885 /* CCFUrlBuilder.m in Sources */,
				3A27EA331C9424EB004D30EB /* CCFFavThreadPostTableViewController.m in Sources */,
				3A0A997D1C4A5AFC00086DAB /* RoundCornerUITextView.m in Sources */,
				4D93CFD71C85355D00852D28 /* ApiTestViewController.m in Sources */,
				3A23462D1C8C5C73009A2537 /* CCFShowTodayNewThreadPostTableViewController.m in Sources */,
				3A690A431C3755C00076C8F1 /* CCFThreadListCell.m in Sources */,
				4D6B11C81C9A536600E073A1 /* CCFSimpleThread.m in Sources */,
				4D796BC11C3DF93D00B3C62D /* CAShapeLayer+WCPullRefresh.m in Sources */,
				3A187B361C40B4EE003DA5C2 /* AlertProgressViewController.m in Sources */,
				4D796BC41C3DF93D00B3C62D /* WCProgressItem.m in Sources */,
				3AA2D50A1C36103C00F312CC /* CCFThreadViewCell.m in Sources */,
				3A6736C31C400EAA008D51EC /* CCFToolbar.m in Sources */,
			);
			runOnlyForDeploymentPostprocessing = 0;
		};
/* End PBXSourcesBuildPhase section */

/* Begin PBXVariantGroup section */
		4D339D971C31454A0022A6A4 /* Main.storyboard */ = {
			isa = PBXVariantGroup;
			children = (
				4D339D981C31454A0022A6A4 /* Base */,
			);
			name = Main.storyboard;
			sourceTree = "<group>";
		};
		4D339D9F1C31454B0022A6A4 /* LaunchScreen.storyboard */ = {
			isa = PBXVariantGroup;
			children = (
				4D339DA01C31454B0022A6A4 /* Base */,
			);
			name = LaunchScreen.storyboard;
			sourceTree = "<group>";
		};
/* End PBXVariantGroup section */

/* Begin XCBuildConfiguration section */
		4D339DA31C31454B0022A6A4 /* Debug */ = {
			isa = XCBuildConfiguration;
			buildSettings = {
				ALWAYS_SEARCH_USER_PATHS = NO;
				CLANG_CXX_LANGUAGE_STANDARD = "gnu++0x";
				CLANG_CXX_LIBRARY = "libc++";
				CLANG_ENABLE_MODULES = YES;
				CLANG_ENABLE_OBJC_ARC = YES;
				CLANG_WARN_BOOL_CONVERSION = YES;
				CLANG_WARN_CONSTANT_CONVERSION = YES;
				CLANG_WARN_DIRECT_OBJC_ISA_USAGE = YES_ERROR;
				CLANG_WARN_EMPTY_BODY = YES;
				CLANG_WARN_ENUM_CONVERSION = YES;
				CLANG_WARN_INT_CONVERSION = YES;
				CLANG_WARN_OBJC_ROOT_CLASS = YES_ERROR;
				CLANG_WARN_UNREACHABLE_CODE = YES;
				CLANG_WARN__DUPLICATE_METHOD_MATCH = YES;
				"CODE_SIGN_IDENTITY[sdk=iphoneos*]" = "iPhone Developer";
				COPY_PHASE_STRIP = NO;
				DEBUG_INFORMATION_FORMAT = dwarf;
				ENABLE_STRICT_OBJC_MSGSEND = YES;
				ENABLE_TESTABILITY = YES;
				GCC_C_LANGUAGE_STANDARD = gnu99;
				GCC_DYNAMIC_NO_PIC = NO;
				GCC_NO_COMMON_BLOCKS = YES;
				GCC_OPTIMIZATION_LEVEL = 0;
				GCC_PREPROCESSOR_DEFINITIONS = (
					"DEBUG=1",
					"$(inherited)",
				);
				GCC_WARN_64_TO_32_BIT_CONVERSION = YES;
				GCC_WARN_ABOUT_RETURN_TYPE = YES_ERROR;
				GCC_WARN_UNDECLARED_SELECTOR = YES;
				GCC_WARN_UNINITIALIZED_AUTOS = YES_AGGRESSIVE;
				GCC_WARN_UNUSED_FUNCTION = YES;
				GCC_WARN_UNUSED_VARIABLE = YES;
				IPHONEOS_DEPLOYMENT_TARGET = 9.2;
				MTL_ENABLE_DEBUG_INFO = YES;
				ONLY_ACTIVE_ARCH = YES;
				SDKROOT = iphoneos;
			};
			name = Debug;
		};
		4D339DA41C31454B0022A6A4 /* Release */ = {
			isa = XCBuildConfiguration;
			buildSettings = {
				ALWAYS_SEARCH_USER_PATHS = NO;
				CLANG_CXX_LANGUAGE_STANDARD = "gnu++0x";
				CLANG_CXX_LIBRARY = "libc++";
				CLANG_ENABLE_MODULES = YES;
				CLANG_ENABLE_OBJC_ARC = YES;
				CLANG_WARN_BOOL_CONVERSION = YES;
				CLANG_WARN_CONSTANT_CONVERSION = YES;
				CLANG_WARN_DIRECT_OBJC_ISA_USAGE = YES_ERROR;
				CLANG_WARN_EMPTY_BODY = YES;
				CLANG_WARN_ENUM_CONVERSION = YES;
				CLANG_WARN_INT_CONVERSION = YES;
				CLANG_WARN_OBJC_ROOT_CLASS = YES_ERROR;
				CLANG_WARN_UNREACHABLE_CODE = YES;
				CLANG_WARN__DUPLICATE_METHOD_MATCH = YES;
				"CODE_SIGN_IDENTITY[sdk=iphoneos*]" = "iPhone Developer";
				COPY_PHASE_STRIP = NO;
				DEBUG_INFORMATION_FORMAT = "dwarf-with-dsym";
				ENABLE_NS_ASSERTIONS = NO;
				ENABLE_STRICT_OBJC_MSGSEND = YES;
				GCC_C_LANGUAGE_STANDARD = gnu99;
				GCC_NO_COMMON_BLOCKS = YES;
				GCC_WARN_64_TO_32_BIT_CONVERSION = YES;
				GCC_WARN_ABOUT_RETURN_TYPE = YES_ERROR;
				GCC_WARN_UNDECLARED_SELECTOR = YES;
				GCC_WARN_UNINITIALIZED_AUTOS = YES_AGGRESSIVE;
				GCC_WARN_UNUSED_FUNCTION = YES;
				GCC_WARN_UNUSED_VARIABLE = YES;
				IPHONEOS_DEPLOYMENT_TARGET = 9.2;
				MTL_ENABLE_DEBUG_INFO = NO;
				SDKROOT = iphoneos;
				VALIDATE_PRODUCT = YES;
			};
			name = Release;
		};
		4D339DA61C31454B0022A6A4 /* Debug */ = {
			isa = XCBuildConfiguration;
			baseConfigurationReference = D45EAE323577337DE9983928 /* Pods.debug.xcconfig */;
			buildSettings = {
				ASSETCATALOG_COMPILER_APPICON_NAME = AppIcon;
				HEADER_SEARCH_PATHS = (
					"$(inherited)",
					"\"${PODS_ROOT}/Headers/Public\"",
					"\"${PODS_ROOT}/Headers/Public/AFNetworking\"",
					"\"${PODS_ROOT}/Headers/Public/ObjectiveGumbo\"",
					"\"$(SDKROOT)/usr/include/libxml2\"",
				);
				INFOPLIST_FILE = CCF/Info.plist;
				IPHONEOS_DEPLOYMENT_TARGET = 8.0;
				LD_RUNPATH_SEARCH_PATHS = "$(inherited) @executable_path/Frameworks";
				PRODUCT_BUNDLE_IDENTIFIER = com.andforce.CCF;
				PRODUCT_NAME = "$(TARGET_NAME)";
			};
			name = Debug;
		};
		4D339DA71C31454B0022A6A4 /* Release */ = {
			isa = XCBuildConfiguration;
			baseConfigurationReference = 4AD749A3A2E07798AF7D58D5 /* Pods.release.xcconfig */;
			buildSettings = {
				ASSETCATALOG_COMPILER_APPICON_NAME = AppIcon;
				HEADER_SEARCH_PATHS = (
					"$(inherited)",
					"\"${PODS_ROOT}/Headers/Public\"",
					"\"${PODS_ROOT}/Headers/Public/AFNetworking\"",
					"\"${PODS_ROOT}/Headers/Public/ObjectiveGumbo\"",
					"\"$(SDKROOT)/usr/include/libxml2\"",
				);
				INFOPLIST_FILE = CCF/Info.plist;
				IPHONEOS_DEPLOYMENT_TARGET = 8.0;
				LD_RUNPATH_SEARCH_PATHS = "$(inherited) @executable_path/Frameworks";
				PRODUCT_BUNDLE_IDENTIFIER = com.andforce.CCF;
				PRODUCT_NAME = "$(TARGET_NAME)";
			};
			name = Release;
		};
/* End XCBuildConfiguration section */

/* Begin XCConfigurationList section */
		4D339D861C31454A0022A6A4 /* Build configuration list for PBXProject "CCF" */ = {
			isa = XCConfigurationList;
			buildConfigurations = (
				4D339DA31C31454B0022A6A4 /* Debug */,
				4D339DA41C31454B0022A6A4 /* Release */,
			);
			defaultConfigurationIsVisible = 0;
			defaultConfigurationName = Release;
		};
		4D339DA51C31454B0022A6A4 /* Build configuration list for PBXNativeTarget "CCF" */ = {
			isa = XCConfigurationList;
			buildConfigurations = (
				4D339DA61C31454B0022A6A4 /* Debug */,
				4D339DA71C31454B0022A6A4 /* Release */,
			);
			defaultConfigurationIsVisible = 0;
			defaultConfigurationName = Release;
		};
/* End XCConfigurationList section */

/* Begin XCVersionGroup section */
		4D796BEF1C44B6F800B3C62D /* Form.xcdatamodeld */ = {
			isa = XCVersionGroup;
			children = (
				4D796BF01C44B6F800B3C62D /* Form.xcdatamodel */,
			);
			currentVersion = 4D796BF01C44B6F800B3C62D /* Form.xcdatamodel */;
			path = Form.xcdatamodeld;
			sourceTree = "<group>";
			versionGroupType = wrapper.xcdatamodel;
		};
/* End XCVersionGroup section */
	};
	rootObject = 4D339D831C31454A0022A6A4 /* Project object */;
}
